<?xml version="1.0"?>
<Project ToolsVersion="4.0" xmlns="http://schemas.microsoft.com/developer/msbuild/2003">
	<ItemGroup>
		<ClCompile Include="src\ofApp.cpp">
			<Filter>src</Filter>
		</ClCompile>
		<ClCompile Include="src\main.cpp">
			<Filter>src</Filter>
		</ClCompile>
		<ClCompile Include="..\..\..\addons\ofxLiquidFun\src\ofxBox2d.cpp">
			<Filter>addons\ofxLiquidFun\src</Filter>
		</ClCompile>
		<ClCompile Include="..\..\..\addons\ofxLiquidFun\src\ofxBox2dBaseShape.cpp">
			<Filter>addons\ofxLiquidFun\src</Filter>
		</ClCompile>
		<ClCompile Include="..\..\..\addons\ofxLiquidFun\src\ofxBox2dCircle.cpp">
			<Filter>addons\ofxLiquidFun\src</Filter>
		</ClCompile>
		<ClCompile Include="..\..\..\addons\ofxLiquidFun\src\ofxBox2dEdge.cpp">
			<Filter>addons\ofxLiquidFun\src</Filter>
		</ClCompile>
		<ClCompile Include="..\..\..\addons\ofxLiquidFun\src\ofxBox2dJoint.cpp">
			<Filter>addons\ofxLiquidFun\src</Filter>
		</ClCompile>
		<ClCompile Include="..\..\..\addons\ofxLiquidFun\src\ofxBox2dParticleSystem.cpp">
			<Filter>addons\ofxLiquidFun\src</Filter>
		</ClCompile>
		<ClCompile Include="..\..\..\addons\ofxLiquidFun\src\ofxBox2dPolygon.cpp">
			<Filter>addons\ofxLiquidFun\src</Filter>
		</ClCompile>
		<ClCompile Include="..\..\..\addons\ofxLiquidFun\src\ofxBox2dRect.cpp">
			<Filter>addons\ofxLiquidFun\src</Filter>
		</ClCompile>
		<ClCompile Include="..\..\..\addons\ofxLiquidFun\libs\Box2D\Collision\b2BroadPhase.cpp">
			<Filter>addons\ofxLiquidFun\libs\Box2D\Collision</Filter>
		</ClCompile>
		<ClCompile Include="..\..\..\addons\ofxLiquidFun\libs\Box2D\Collision\b2CollideCircle.cpp">
			<Filter>addons\ofxLiquidFun\libs\Box2D\Collision</Filter>
		</ClCompile>
		<ClCompile Include="..\..\..\addons\ofxLiquidFun\libs\Box2D\Collision\b2CollideEdge.cpp">
			<Filter>addons\ofxLiquidFun\libs\Box2D\Collision</Filter>
		</ClCompile>
		<ClCompile Include="..\..\..\addons\ofxLiquidFun\libs\Box2D\Collision\b2CollidePolygon.cpp">
			<Filter>addons\ofxLiquidFun\libs\Box2D\Collision</Filter>
		</ClCompile>
		<ClCompile Include="..\..\..\addons\ofxLiquidFun\libs\Box2D\Collision\b2Collision.cpp">
			<Filter>addons\ofxLiquidFun\libs\Box2D\Collision</Filter>
		</ClCompile>
		<ClCompile Include="..\..\..\addons\ofxLiquidFun\libs\Box2D\Collision\b2Distance.cpp">
			<Filter>addons\ofxLiquidFun\libs\Box2D\Collision</Filter>
		</ClCompile>
		<ClCompile Include="..\..\..\addons\ofxLiquidFun\libs\Box2D\Collision\b2DynamicTree.cpp">
			<Filter>addons\ofxLiquidFun\libs\Box2D\Collision</Filter>
		</ClCompile>
		<ClCompile Include="..\..\..\addons\ofxLiquidFun\libs\Box2D\Collision\b2TimeOfImpact.cpp">
			<Filter>addons\ofxLiquidFun\libs\Box2D\Collision</Filter>
		</ClCompile>
		<ClCompile Include="..\..\..\addons\ofxLiquidFun\libs\Box2D\Collision\Shapes\b2ChainShape.cpp">
			<Filter>addons\ofxLiquidFun\libs\Box2D\Collision\Shapes</Filter>
		</ClCompile>
		<ClCompile Include="..\..\..\addons\ofxLiquidFun\libs\Box2D\Collision\Shapes\b2CircleShape.cpp">
			<Filter>addons\ofxLiquidFun\libs\Box2D\Collision\Shapes</Filter>
		</ClCompile>
		<ClCompile Include="..\..\..\addons\ofxLiquidFun\libs\Box2D\Collision\Shapes\b2EdgeShape.cpp">
			<Filter>addons\ofxLiquidFun\libs\Box2D\Collision\Shapes</Filter>
		</ClCompile>
		<ClCompile Include="..\..\..\addons\ofxLiquidFun\libs\Box2D\Collision\Shapes\b2PolygonShape.cpp">
			<Filter>addons\ofxLiquidFun\libs\Box2D\Collision\Shapes</Filter>
		</ClCompile>
		<ClCompile Include="..\..\..\addons\ofxLiquidFun\libs\Box2D\Common\b2BlockAllocator.cpp">
			<Filter>addons\ofxLiquidFun\libs\Box2D\Common</Filter>
		</ClCompile>
		<ClCompile Include="..\..\..\addons\ofxLiquidFun\libs\Box2D\Common\b2Draw.cpp">
			<Filter>addons\ofxLiquidFun\libs\Box2D\Common</Filter>
		</ClCompile>
		<ClCompile Include="..\..\..\addons\ofxLiquidFun\libs\Box2D\Common\b2FreeList.cpp">
			<Filter>addons\ofxLiquidFun\libs\Box2D\Common</Filter>
		</ClCompile>
		<ClCompile Include="..\..\..\addons\ofxLiquidFun\libs\Box2D\Common\b2Math.cpp">
			<Filter>addons\ofxLiquidFun\libs\Box2D\Common</Filter>
		</ClCompile>
		<ClCompile Include="..\..\..\addons\ofxLiquidFun\libs\Box2D\Common\b2Settings.cpp">
			<Filter>addons\ofxLiquidFun\libs\Box2D\Common</Filter>
		</ClCompile>
		<ClCompile Include="..\..\..\addons\ofxLiquidFun\libs\Box2D\Common\b2StackAllocator.cpp">
			<Filter>addons\ofxLiquidFun\libs\Box2D\Common</Filter>
		</ClCompile>
		<ClCompile Include="..\..\..\addons\ofxLiquidFun\libs\Box2D\Common\b2Stat.cpp">
			<Filter>addons\ofxLiquidFun\libs\Box2D\Common</Filter>
		</ClCompile>
		<ClCompile Include="..\..\..\addons\ofxLiquidFun\libs\Box2D\Common\b2Timer.cpp">
			<Filter>addons\ofxLiquidFun\libs\Box2D\Common</Filter>
		</ClCompile>
		<ClCompile Include="..\..\..\addons\ofxLiquidFun\libs\Box2D\Common\b2TrackedBlock.cpp">
			<Filter>addons\ofxLiquidFun\libs\Box2D\Common</Filter>
		</ClCompile>
		<ClCompile Include="..\..\..\addons\ofxLiquidFun\libs\Box2D\Dynamics\b2Body.cpp">
			<Filter>addons\ofxLiquidFun\libs\Box2D\Dynamics</Filter>
		</ClCompile>
		<ClCompile Include="..\..\..\addons\ofxLiquidFun\libs\Box2D\Dynamics\b2ContactManager.cpp">
			<Filter>addons\ofxLiquidFun\libs\Box2D\Dynamics</Filter>
		</ClCompile>
		<ClCompile Include="..\..\..\addons\ofxLiquidFun\libs\Box2D\Dynamics\b2Fixture.cpp">
			<Filter>addons\ofxLiquidFun\libs\Box2D\Dynamics</Filter>
		</ClCompile>
		<ClCompile Include="..\..\..\addons\ofxLiquidFun\libs\Box2D\Dynamics\b2Island.cpp">
			<Filter>addons\ofxLiquidFun\libs\Box2D\Dynamics</Filter>
		</ClCompile>
		<ClCompile Include="..\..\..\addons\ofxLiquidFun\libs\Box2D\Dynamics\b2World.cpp">
			<Filter>addons\ofxLiquidFun\libs\Box2D\Dynamics</Filter>
		</ClCompile>
		<ClCompile Include="..\..\..\addons\ofxLiquidFun\libs\Box2D\Dynamics\b2WorldCallbacks.cpp">
			<Filter>addons\ofxLiquidFun\libs\Box2D\Dynamics</Filter>
		</ClCompile>
		<ClCompile Include="..\..\..\addons\ofxLiquidFun\libs\Box2D\Dynamics\Contacts\b2ChainAndCircleContact.cpp">
			<Filter>addons\ofxLiquidFun\libs\Box2D\Dynamics\Contacts</Filter>
		</ClCompile>
		<ClCompile Include="..\..\..\addons\ofxLiquidFun\libs\Box2D\Dynamics\Contacts\b2ChainAndPolygonContact.cpp">
			<Filter>addons\ofxLiquidFun\libs\Box2D\Dynamics\Contacts</Filter>
		</ClCompile>
		<ClCompile Include="..\..\..\addons\ofxLiquidFun\libs\Box2D\Dynamics\Contacts\b2CircleContact.cpp">
			<Filter>addons\ofxLiquidFun\libs\Box2D\Dynamics\Contacts</Filter>
		</ClCompile>
		<ClCompile Include="..\..\..\addons\ofxLiquidFun\libs\Box2D\Dynamics\Contacts\b2Contact.cpp">
			<Filter>addons\ofxLiquidFun\libs\Box2D\Dynamics\Contacts</Filter>
		</ClCompile>
		<ClCompile Include="..\..\..\addons\ofxLiquidFun\libs\Box2D\Dynamics\Contacts\b2ContactSolver.cpp">
			<Filter>addons\ofxLiquidFun\libs\Box2D\Dynamics\Contacts</Filter>
		</ClCompile>
		<ClCompile Include="..\..\..\addons\ofxLiquidFun\libs\Box2D\Dynamics\Contacts\b2EdgeAndCircleContact.cpp">
			<Filter>addons\ofxLiquidFun\libs\Box2D\Dynamics\Contacts</Filter>
		</ClCompile>
		<ClCompile Include="..\..\..\addons\ofxLiquidFun\libs\Box2D\Dynamics\Contacts\b2EdgeAndPolygonContact.cpp">
			<Filter>addons\ofxLiquidFun\libs\Box2D\Dynamics\Contacts</Filter>
		</ClCompile>
		<ClCompile Include="..\..\..\addons\ofxLiquidFun\libs\Box2D\Dynamics\Contacts\b2PolygonAndCircleContact.cpp">
			<Filter>addons\ofxLiquidFun\libs\Box2D\Dynamics\Contacts</Filter>
		</ClCompile>
		<ClCompile Include="..\..\..\addons\ofxLiquidFun\libs\Box2D\Dynamics\Contacts\b2PolygonContact.cpp">
			<Filter>addons\ofxLiquidFun\libs\Box2D\Dynamics\Contacts</Filter>
		</ClCompile>
		<ClCompile Include="..\..\..\addons\ofxLiquidFun\libs\Box2D\Dynamics\Joints\b2DistanceJoint.cpp">
			<Filter>addons\ofxLiquidFun\libs\Box2D\Dynamics\Joints</Filter>
		</ClCompile>
		<ClCompile Include="..\..\..\addons\ofxLiquidFun\libs\Box2D\Dynamics\Joints\b2FrictionJoint.cpp">
			<Filter>addons\ofxLiquidFun\libs\Box2D\Dynamics\Joints</Filter>
		</ClCompile>
		<ClCompile Include="..\..\..\addons\ofxLiquidFun\libs\Box2D\Dynamics\Joints\b2GearJoint.cpp">
			<Filter>addons\ofxLiquidFun\libs\Box2D\Dynamics\Joints</Filter>
		</ClCompile>
		<ClCompile Include="..\..\..\addons\ofxLiquidFun\libs\Box2D\Dynamics\Joints\b2Joint.cpp">
			<Filter>addons\ofxLiquidFun\libs\Box2D\Dynamics\Joints</Filter>
		</ClCompile>
		<ClCompile Include="..\..\..\addons\ofxLiquidFun\libs\Box2D\Dynamics\Joints\b2MotorJoint.cpp">
			<Filter>addons\ofxLiquidFun\libs\Box2D\Dynamics\Joints</Filter>
		</ClCompile>
		<ClCompile Include="..\..\..\addons\ofxLiquidFun\libs\Box2D\Dynamics\Joints\b2MouseJoint.cpp">
			<Filter>addons\ofxLiquidFun\libs\Box2D\Dynamics\Joints</Filter>
		</ClCompile>
		<ClCompile Include="..\..\..\addons\ofxLiquidFun\libs\Box2D\Dynamics\Joints\b2PrismaticJoint.cpp">
			<Filter>addons\ofxLiquidFun\libs\Box2D\Dynamics\Joints</Filter>
		</ClCompile>
		<ClCompile Include="..\..\..\addons\ofxLiquidFun\libs\Box2D\Dynamics\Joints\b2PulleyJoint.cpp">
			<Filter>addons\ofxLiquidFun\libs\Box2D\Dynamics\Joints</Filter>
		</ClCompile>
		<ClCompile Include="..\..\..\addons\ofxLiquidFun\libs\Box2D\Dynamics\Joints\b2RevoluteJoint.cpp">
			<Filter>addons\ofxLiquidFun\libs\Box2D\Dynamics\Joints</Filter>
		</ClCompile>
		<ClCompile Include="..\..\..\addons\ofxLiquidFun\libs\Box2D\Dynamics\Joints\b2RopeJoint.cpp">
			<Filter>addons\ofxLiquidFun\libs\Box2D\Dynamics\Joints</Filter>
		</ClCompile>
		<ClCompile Include="..\..\..\addons\ofxLiquidFun\libs\Box2D\Dynamics\Joints\b2WeldJoint.cpp">
			<Filter>addons\ofxLiquidFun\libs\Box2D\Dynamics\Joints</Filter>
		</ClCompile>
		<ClCompile Include="..\..\..\addons\ofxLiquidFun\libs\Box2D\Dynamics\Joints\b2WheelJoint.cpp">
			<Filter>addons\ofxLiquidFun\libs\Box2D\Dynamics\Joints</Filter>
		</ClCompile>
		<ClCompile Include="..\..\..\addons\ofxLiquidFun\libs\Box2D\Particle\b2Particle.cpp">
			<Filter>addons\ofxLiquidFun\libs\Box2D\Particle</Filter>
		</ClCompile>
		<ClCompile Include="..\..\..\addons\ofxLiquidFun\libs\Box2D\Particle\b2ParticleAssembly.cpp">
			<Filter>addons\ofxLiquidFun\libs\Box2D\Particle</Filter>
		</ClCompile>
		<ClCompile Include="..\..\..\addons\ofxLiquidFun\libs\Box2D\Particle\b2ParticleGroup.cpp">
			<Filter>addons\ofxLiquidFun\libs\Box2D\Particle</Filter>
		</ClCompile>
		<ClCompile Include="..\..\..\addons\ofxLiquidFun\libs\Box2D\Particle\b2ParticleSystem.cpp">
			<Filter>addons\ofxLiquidFun\libs\Box2D\Particle</Filter>
		</ClCompile>
		<ClCompile Include="..\..\..\addons\ofxLiquidFun\libs\Box2D\Particle\b2VoronoiDiagram.cpp">
			<Filter>addons\ofxLiquidFun\libs\Box2D\Particle</Filter>
		</ClCompile>
		<ClCompile Include="..\..\..\addons\ofxLiquidFun\libs\Box2D\Rope\b2Rope.cpp">
			<Filter>addons\ofxLiquidFun\libs\Box2D\Rope</Filter>
		</ClCompile>
		<ClCompile Include="..\..\..\addons\ofxLiquidFun\libs\triangle\del_impl.cpp">
			<Filter>addons\ofxLiquidFun\libs\triangle</Filter>
		</ClCompile>
	</ItemGroup>
	<ItemGroup>
		<Filter Include="src">
			<UniqueIdentifier>{d8376475-7454-4a24-b08a-aac121d3ad6f}</UniqueIdentifier>
		</Filter>
		<Filter Include="addons">
			<UniqueIdentifier>{71834F65-F3A9-211E-73B8-DC85}</UniqueIdentifier>
		</Filter>
		<Filter Include="addons\ofxLiquidFun">
			<UniqueIdentifier>{3CC63F4D-F067-CAE5-23B7-8A58}</UniqueIdentifier>
		</Filter>
		<Filter Include="addons\ofxLiquidFun\src">
			<UniqueIdentifier>{A1EE9D42-441C-858C-66B6-7787}</UniqueIdentifier>
		</Filter>
		<Filter Include="addons\ofxLiquidFun\libs">
			<UniqueIdentifier>{7A45C956-0770-5128-F8C2-8D7E}</UniqueIdentifier>
		</Filter>
		<Filter Include="addons\ofxLiquidFun\libs\Box2D">
			<UniqueIdentifier>{ED7FBE10-07A9-EDCE-8310-E361}</UniqueIdentifier>
		</Filter>
		<Filter Include="addons\ofxLiquidFun\libs\Box2D\Collision">
			<UniqueIdentifier>{731C7100-C6C8-34E3-2015-06C8}</UniqueIdentifier>
		</Filter>
		<Filter Include="addons\ofxLiquidFun\libs\Box2D\Collision\Shapes">
			<UniqueIdentifier>{5AA55810-0306-4AB2-5B3E-73B8}</UniqueIdentifier>
		</Filter>
		<Filter Include="addons\ofxLiquidFun\libs\Box2D\Common">
			<UniqueIdentifier>{BF1C9E89-9DE2-C85B-EF9C-BFD3}</UniqueIdentifier>
		</Filter>
		<Filter Include="addons\ofxLiquidFun\libs\Box2D\Dynamics">
			<UniqueIdentifier>{31D5620D-5BD6-053F-A629-00CA}</UniqueIdentifier>
		</Filter>
		<Filter Include="addons\ofxLiquidFun\libs\Box2D\Dynamics\Contacts">
			<UniqueIdentifier>{02A11AB7-04F5-2CCC-7222-6D08}</UniqueIdentifier>
		</Filter>
		<Filter Include="addons\ofxLiquidFun\libs\Box2D\Dynamics\Joints">
			<UniqueIdentifier>{56EEBE2B-6BF2-9964-B2F1-4611}</UniqueIdentifier>
		</Filter>
		<Filter Include="addons\ofxLiquidFun\libs\Box2D\Particle">
			<UniqueIdentifier>{F16EDFA3-06CD-D9A8-4E46-EE5C}</UniqueIdentifier>
		</Filter>
		<Filter Include="addons\ofxLiquidFun\libs\Box2D\Rope">
			<UniqueIdentifier>{8D12ACFA-651B-94D9-8BA0-E8B2}</UniqueIdentifier>
		</Filter>
		<Filter Include="addons\ofxLiquidFun\libs\triangle">
			<UniqueIdentifier>{E7230044-4888-A1E5-EDCD-6BDA}</UniqueIdentifier>
		</Filter>
	</ItemGroup>
	<ItemGroup>
		<ClInclude Include="src\ofApp.h">
			<Filter>src</Filter>
		</ClInclude>
		<ClInclude Include="..\..\..\addons\ofxLiquidFun\src\ofxBox2d.h">
			<Filter>addons\ofxLiquidFun\src</Filter>
		</ClInclude>
		<ClInclude Include="..\..\..\addons\ofxLiquidFun\src\ofxBox2dBaseShape.h">
			<Filter>addons\ofxLiquidFun\src</Filter>
		</ClInclude>
		<ClInclude Include="..\..\..\addons\ofxLiquidFun\src\ofxBox2dCircle.h">
			<Filter>addons\ofxLiquidFun\src</Filter>
		</ClInclude>
		<ClInclude Include="..\..\..\addons\ofxLiquidFun\src\ofxBox2dContactListener.h">
			<Filter>addons\ofxLiquidFun\src</Filter>
		</ClInclude>
		<ClInclude Include="..\..\..\addons\ofxLiquidFun\src\ofxBox2dEdge.h">
			<Filter>addons\ofxLiquidFun\src</Filter>
		</ClInclude>
		<ClInclude Include="..\..\..\addons\ofxLiquidFun\src\ofxBox2dJoint.h">
			<Filter>addons\ofxLiquidFun\src</Filter>
		</ClInclude>
		<ClInclude Include="..\..\..\addons\ofxLiquidFun\src\ofxBox2dParticleSystem.h">
			<Filter>addons\ofxLiquidFun\src</Filter>
		</ClInclude>
		<ClInclude Include="..\..\..\addons\ofxLiquidFun\src\ofxBox2dPolygon.h">
			<Filter>addons\ofxLiquidFun\src</Filter>
		</ClInclude>
		<ClInclude Include="..\..\..\addons\ofxLiquidFun\src\ofxBox2dPolygonUtils.h">
			<Filter>addons\ofxLiquidFun\src</Filter>
		</ClInclude>
		<ClInclude Include="..\..\..\addons\ofxLiquidFun\src\ofxBox2dRect.h">
			<Filter>addons\ofxLiquidFun\src</Filter>
		</ClInclude>
		<ClInclude Include="..\..\..\addons\ofxLiquidFun\src\ofxBox2dRender.h">
			<Filter>addons\ofxLiquidFun\src</Filter>
		</ClInclude>
		<ClInclude Include="..\..\..\addons\ofxLiquidFun\src\ofxBox2dUtils.h">
			<Filter>addons\ofxLiquidFun\src</Filter>
		</ClInclude>
		<ClInclude Include="..\..\..\addons\ofxLiquidFun\src\ofxLiquidFun.h">
			<Filter>addons\ofxLiquidFun\src</Filter>
		</ClInclude>
		<ClInclude Include="..\..\..\addons\ofxLiquidFun\libs\Box2D\Box2D.h">
			<Filter>addons\ofxLiquidFun\libs\Box2D</Filter>
		</ClInclude>
		<ClInclude Include="..\..\..\addons\ofxLiquidFun\libs\Box2D\Collision\b2BroadPhase.h">
			<Filter>addons\ofxLiquidFun\libs\Box2D\Collision</Filter>
		</ClInclude>
		<ClInclude Include="..\..\..\addons\ofxLiquidFun\libs\Box2D\Collision\b2Collision.h">
			<Filter>addons\ofxLiquidFun\libs\Box2D\Collision</Filter>
		</ClInclude>
		<ClInclude Include="..\..\..\addons\ofxLiquidFun\libs\Box2D\Collision\b2Distance.h">
			<Filter>addons\ofxLiquidFun\libs\Box2D\Collision</Filter>
		</ClInclude>
		<ClInclude Include="..\..\..\addons\ofxLiquidFun\libs\Box2D\Collision\b2DynamicTree.h">
			<Filter>addons\ofxLiquidFun\libs\Box2D\Collision</Filter>
		</ClInclude>
		<ClInclude Include="..\..\..\addons\ofxLiquidFun\libs\Box2D\Collision\b2TimeOfImpact.h">
			<Filter>addons\ofxLiquidFun\libs\Box2D\Collision</Filter>
		</ClInclude>
		<ClInclude Include="..\..\..\addons\ofxLiquidFun\libs\Box2D\Collision\Shapes\b2ChainShape.h">
			<Filter>addons\ofxLiquidFun\libs\Box2D\Collision\Shapes</Filter>
		</ClInclude>
		<ClInclude Include="..\..\..\addons\ofxLiquidFun\libs\Box2D\Collision\Shapes\b2CircleShape.h">
			<Filter>addons\ofxLiquidFun\libs\Box2D\Collision\Shapes</Filter>
		</ClInclude>
		<ClInclude Include="..\..\..\addons\ofxLiquidFun\libs\Box2D\Collision\Shapes\b2EdgeShape.h">
			<Filter>addons\ofxLiquidFun\libs\Box2D\Collision\Shapes</Filter>
		</ClInclude>
		<ClInclude Include="..\..\..\addons\ofxLiquidFun\libs\Box2D\Collision\Shapes\b2PolygonShape.h">
			<Filter>addons\ofxLiquidFun\libs\Box2D\Collision\Shapes</Filter>
		</ClInclude>
		<ClInclude Include="..\..\..\addons\ofxLiquidFun\libs\Box2D\Collision\Shapes\b2Shape.h">
			<Filter>addons\ofxLiquidFun\libs\Box2D\Collision\Shapes</Filter>
		</ClInclude>
		<ClInclude Include="..\..\..\addons\ofxLiquidFun\libs\Box2D\Common\b2BlockAllocator.h">
			<Filter>addons\ofxLiquidFun\libs\Box2D\Common</Filter>
		</ClInclude>
		<ClInclude Include="..\..\..\addons\ofxLiquidFun\libs\Box2D\Common\b2Draw.h">
			<Filter>addons\ofxLiquidFun\libs\Box2D\Common</Filter>
		</ClInclude>
		<ClInclude Include="..\..\..\addons\ofxLiquidFun\libs\Box2D\Common\b2FreeList.h">
			<Filter>addons\ofxLiquidFun\libs\Box2D\Common</Filter>
		</ClInclude>
		<ClInclude Include="..\..\..\addons\ofxLiquidFun\libs\Box2D\Common\b2GrowableBuffer.h">
			<Filter>addons\ofxLiquidFun\libs\Box2D\Common</Filter>
		</ClInclude>
		<ClInclude Include="..\..\..\addons\ofxLiquidFun\libs\Box2D\Common\b2GrowableStack.h">
			<Filter>addons\ofxLiquidFun\libs\Box2D\Common</Filter>
		</ClInclude>
		<ClInclude Include="..\..\..\addons\ofxLiquidFun\libs\Box2D\Common\b2IntrusiveList.h">
			<Filter>addons\ofxLiquidFun\libs\Box2D\Common</Filter>
		</ClInclude>
		<ClInclude Include="..\..\..\addons\ofxLiquidFun\libs\Box2D\Common\b2Math.h">
			<Filter>addons\ofxLiquidFun\libs\Box2D\Common</Filter>
		</ClInclude>
		<ClInclude Include="..\..\..\addons\ofxLiquidFun\libs\Box2D\Common\b2Settings.h">
			<Filter>addons\ofxLiquidFun\libs\Box2D\Common</Filter>
		</ClInclude>
		<ClInclude Include="..\..\..\addons\ofxLiquidFun\libs\Box2D\Common\b2SlabAllocator.h">
			<Filter>addons\ofxLiquidFun\libs\Box2D\Common</Filter>
		</ClInclude>
		<ClInclude Include="..\..\..\addons\ofxLiquidFun\libs\Box2D\Common\b2StackAllocator.h">
			<Filter>addons\ofxLiquidFun\libs\Box2D\Common</Filter>
		</ClInclude>
		<ClInclude Include="..\..\..\addons\ofxLiquidFun\libs\Box2D\Common\b2Stat.h">
			<Filter>addons\ofxLiquidFun\libs\Box2D\Common</Filter>
		</ClInclude>
		<ClInclude Include="..\..\..\addons\ofxLiquidFun\libs\Box2D\Common\b2Timer.h">
			<Filter>addons\ofxLiquidFun\libs\Box2D\Common</Filter>
		</ClInclude>
		<ClInclude Include="..\..\..\addons\ofxLiquidFun\libs\Box2D\Common\b2TrackedBlock.h">
			<Filter>addons\ofxLiquidFun\libs\Box2D\Common</Filter>
		</ClInclude>
		<ClInclude Include="..\..\..\addons\ofxLiquidFun\libs\Box2D\Dynamics\b2Body.h">
			<Filter>addons\ofxLiquidFun\libs\Box2D\Dynamics</Filter>
		</ClInclude>
		<ClInclude Include="..\..\..\addons\ofxLiquidFun\libs\Box2D\Dynamics\b2ContactManager.h">
			<Filter>addons\ofxLiquidFun\libs\Box2D\Dynamics</Filter>
		</ClInclude>
		<ClInclude Include="..\..\..\addons\ofxLiquidFun\libs\Box2D\Dynamics\b2Fixture.h">
			<Filter>addons\ofxLiquidFun\libs\Box2D\Dynamics</Filter>
		</ClInclude>
		<ClInclude Include="..\..\..\addons\ofxLiquidFun\libs\Box2D\Dynamics\b2Island.h">
			<Filter>addons\ofxLiquidFun\libs\Box2D\Dynamics</Filter>
		</ClInclude>
		<ClInclude Include="..\..\..\addons\ofxLiquidFun\libs\Box2D\Dynamics\b2TimeStep.h">
			<Filter>addons\ofxLiquidFun\libs\Box2D\Dynamics</Filter>
		</ClInclude>
		<ClInclude Include="..\..\..\addons\ofxLiquidFun\libs\Box2D\Dynamics\b2World.h">
			<Filter>addons\ofxLiquidFun\libs\Box2D\Dynamics</Filter>
		</ClInclude>
		<ClInclude Include="..\..\..\addons\ofxLiquidFun\libs\Box2D\Dynamics\b2WorldCallbacks.h">
			<Filter>addons\ofxLiquidFun\libs\Box2D\Dynamics</Filter>
		</ClInclude>
		<ClInclude Include="..\..\..\addons\ofxLiquidFun\libs\Box2D\Dynamics\Contacts\b2ChainAndCircleContact.h">
			<Filter>addons\ofxLiquidFun\libs\Box2D\Dynamics\Contacts</Filter>
		</ClInclude>
		<ClInclude Include="..\..\..\addons\ofxLiquidFun\libs\Box2D\Dynamics\Contacts\b2ChainAndPolygonContact.h">
			<Filter>addons\ofxLiquidFun\libs\Box2D\Dynamics\Contacts</Filter>
		</ClInclude>
		<ClInclude Include="..\..\..\addons\ofxLiquidFun\libs\Box2D\Dynamics\Contacts\b2CircleContact.h">
			<Filter>addons\ofxLiquidFun\libs\Box2D\Dynamics\Contacts</Filter>
		</ClInclude>
		<ClInclude Include="..\..\..\addons\ofxLiquidFun\libs\Box2D\Dynamics\Contacts\b2Contact.h">
			<Filter>addons\ofxLiquidFun\libs\Box2D\Dynamics\Contacts</Filter>
		</ClInclude>
		<ClInclude Include="..\..\..\addons\ofxLiquidFun\libs\Box2D\Dynamics\Contacts\b2ContactSolver.h">
			<Filter>addons\ofxLiquidFun\libs\Box2D\Dynamics\Contacts</Filter>
		</ClInclude>
		<ClInclude Include="..\..\..\addons\ofxLiquidFun\libs\Box2D\Dynamics\Contacts\b2EdgeAndCircleContact.h">
			<Filter>addons\ofxLiquidFun\libs\Box2D\Dynamics\Contacts</Filter>
		</ClInclude>
		<ClInclude Include="..\..\..\addons\ofxLiquidFun\libs\Box2D\Dynamics\Contacts\b2EdgeAndPolygonContact.h">
			<Filter>addons\ofxLiquidFun\libs\Box2D\Dynamics\Contacts</Filter>
		</ClInclude>
		<ClInclude Include="..\..\..\addons\ofxLiquidFun\libs\Box2D\Dynamics\Contacts\b2PolygonAndCircleContact.h">
			<Filter>addons\ofxLiquidFun\libs\Box2D\Dynamics\Contacts</Filter>
		</ClInclude>
		<ClInclude Include="..\..\..\addons\ofxLiquidFun\libs\Box2D\Dynamics\Contacts\b2PolygonContact.h">
			<Filter>addons\ofxLiquidFun\libs\Box2D\Dynamics\Contacts</Filter>
		</ClInclude>
		<ClInclude Include="..\..\..\addons\ofxLiquidFun\libs\Box2D\Dynamics\Joints\b2DistanceJoint.h">
			<Filter>addons\ofxLiquidFun\libs\Box2D\Dynamics\Joints</Filter>
		</ClInclude>
		<ClInclude Include="..\..\..\addons\ofxLiquidFun\libs\Box2D\Dynamics\Joints\b2FrictionJoint.h">
			<Filter>addons\ofxLiquidFun\libs\Box2D\Dynamics\Joints</Filter>
		</ClInclude>
		<ClInclude Include="..\..\..\addons\ofxLiquidFun\libs\Box2D\Dynamics\Joints\b2GearJoint.h">
			<Filter>addons\ofxLiquidFun\libs\Box2D\Dynamics\Joints</Filter>
		</ClInclude>
		<ClInclude Include="..\..\..\addons\ofxLiquidFun\libs\Box2D\Dynamics\Joints\b2Joint.h">
			<Filter>addons\ofxLiquidFun\libs\Box2D\Dynamics\Joints</Filter>
		</ClInclude>
		<ClInclude Include="..\..\..\addons\ofxLiquidFun\libs\Box2D\Dynamics\Joints\b2MotorJoint.h">
			<Filter>addons\ofxLiquidFun\libs\Box2D\Dynamics\Joints</Filter>
		</ClInclude>
		<ClInclude Include="..\..\..\addons\ofxLiquidFun\libs\Box2D\Dynamics\Joints\b2MouseJoint.h">
			<Filter>addons\ofxLiquidFun\libs\Box2D\Dynamics\Joints</Filter>
		</ClInclude>
		<ClInclude Include="..\..\..\addons\ofxLiquidFun\libs\Box2D\Dynamics\Joints\b2PrismaticJoint.h">
			<Filter>addons\ofxLiquidFun\libs\Box2D\Dynamics\Joints</Filter>
		</ClInclude>
		<ClInclude Include="..\..\..\addons\ofxLiquidFun\libs\Box2D\Dynamics\Joints\b2PulleyJoint.h">
			<Filter>addons\ofxLiquidFun\libs\Box2D\Dynamics\Joints</Filter>
		</ClInclude>
		<ClInclude Include="..\..\..\addons\ofxLiquidFun\libs\Box2D\Dynamics\Joints\b2RevoluteJoint.h">
			<Filter>addons\ofxLiquidFun\libs\Box2D\Dynamics\Joints</Filter>
		</ClInclude>
		<ClInclude Include="..\..\..\addons\ofxLiquidFun\libs\Box2D\Dynamics\Joints\b2RopeJoint.h">
			<Filter>addons\ofxLiquidFun\libs\Box2D\Dynamics\Joints</Filter>
		</ClInclude>
		<ClInclude Include="..\..\..\addons\ofxLiquidFun\libs\Box2D\Dynamics\Joints\b2WeldJoint.h">
			<Filter>addons\ofxLiquidFun\libs\Box2D\Dynamics\Joints</Filter>
		</ClInclude>
		<ClInclude Include="..\..\..\addons\ofxLiquidFun\libs\Box2D\Dynamics\Joints\b2WheelJoint.h">
			<Filter>addons\ofxLiquidFun\libs\Box2D\Dynamics\Joints</Filter>
		</ClInclude>
		<ClInclude Include="..\..\..\addons\ofxLiquidFun\libs\Box2D\Particle\b2Particle.h">
			<Filter>addons\ofxLiquidFun\libs\Box2D\Particle</Filter>
		</ClInclude>
		<ClInclude Include="..\..\..\addons\ofxLiquidFun\libs\Box2D\Particle\b2ParticleAssembly.h">
			<Filter>addons\ofxLiquidFun\libs\Box2D\Particle</Filter>
		</ClInclude>
		<ClInclude Include="..\..\..\addons\ofxLiquidFun\libs\Box2D\Particle\b2ParticleGroup.h">
			<Filter>addons\ofxLiquidFun\libs\Box2D\Particle</Filter>
		</ClInclude>
		<ClInclude Include="..\..\..\addons\ofxLiquidFun\libs\Box2D\Particle\b2ParticleSystem.h">
			<Filter>addons\ofxLiquidFun\libs\Box2D\Particle</Filter>
		</ClInclude>
		<ClInclude Include="..\..\..\addons\ofxLiquidFun\libs\Box2D\Particle\b2StackQueue.h">
			<Filter>addons\ofxLiquidFun\libs\Box2D\Particle</Filter>
		</ClInclude>
		<ClInclude Include="..\..\..\addons\ofxLiquidFun\libs\Box2D\Particle\b2VoronoiDiagram.h">
			<Filter>addons\ofxLiquidFun\libs\Box2D\Particle</Filter>
		</ClInclude>
		<ClInclude Include="..\..\..\addons\ofxLiquidFun\libs\Box2D\Rope\b2Rope.h">
			<Filter>addons\ofxLiquidFun\libs\Box2D\Rope</Filter>
		</ClInclude>
		<ClInclude Include="..\..\..\addons\ofxLiquidFun\libs\triangle\assert.hpp">
			<Filter>addons\ofxLiquidFun\libs\triangle</Filter>
		</ClInclude>
		<ClInclude Include="..\..\..\addons\ofxLiquidFun\libs\triangle\del_interface.hpp">
			<Filter>addons\ofxLiquidFun\libs\triangle</Filter>
		</ClInclude>
		<ClInclude Include="..\..\..\addons\ofxLiquidFun\libs\triangle\dpoint.hpp">
			<Filter>addons\ofxLiquidFun\libs\triangle</Filter>
		</ClInclude>
		<ClInclude Include="..\..\..\addons\ofxLiquidFun\libs\triangle\triangle.h">
			<Filter>addons\ofxLiquidFun\libs\triangle</Filter>
		</ClInclude>
		<ClInclude Include="..\..\..\addons\ofxLiquidFun\libs\triangle\triangle_impl.hpp">
			<Filter>addons\ofxLiquidFun\libs\triangle</Filter>
		</ClInclude>
	</ItemGroup>
	<ItemGroup>
		<ResourceCompile Include="icon.rc" />
	</ItemGroup>
</Project>
