// !$*UTF8*$!
{
	archiveVersion = 1;
	classes = {
	};
	objectVersion = 46;
	objects = {

/* Begin PBXBuildFile section */
		092641E12809CEAFF21F73EE /* b2MotorJoint.cpp in Sources */ = {isa = PBXBuildFile; fileRef = 6C12DA142EC60F5BF1279CC1 /* b2MotorJoint.cpp */; };
		0B0D35C87FCA564C57A5B6BF /* b2Distance.cpp in Sources */ = {isa = PBXBuildFile; fileRef = E9AA0B86DA28A2146E5EC5CB /* b2Distance.cpp */; };
		109B799A08029E0E78AA8FB0 /* b2Rope.cpp in Sources */ = {isa = PBXBuildFile; fileRef = F39FC388F7A908D23B2FE216 /* b2Rope.cpp */; };
		1529EA60921FDF7B07077187 /* b2ParticleAssembly.cpp in Sources */ = {isa = PBXBuildFile; fileRef = 3C10C48B1E9A15223A02411C /* b2ParticleAssembly.cpp */; };
		18D50A5E9090B08B5C379765 /* b2PolygonAndCircleContact.cpp in Sources */ = {isa = PBXBuildFile; fileRef = F531CAC5B6483B4596C50946 /* b2PolygonAndCircleContact.cpp */; };
		2213DF405455BC9DEAC553B7 /* b2TimeOfImpact.cpp in Sources */ = {isa = PBXBuildFile; fileRef = 864C623936175512CEEFF951 /* b2TimeOfImpact.cpp */; };
		2229D0E5DBB8B82D783BEE52 /* b2DynamicTree.cpp in Sources */ = {isa = PBXBuildFile; fileRef = 19572082584CC5A6F350437C /* b2DynamicTree.cpp */; };
		22998D9E34B49C5C4BD5AC71 /* b2VoronoiDiagram.cpp in Sources */ = {isa = PBXBuildFile; fileRef = B47A8767EB9E02E1F5FA11CA /* b2VoronoiDiagram.cpp */; };
		24B4773C29370599C7EF3713 /* b2RevoluteJoint.cpp in Sources */ = {isa = PBXBuildFile; fileRef = 9B2524F42A6017BD45D8CD0A /* b2RevoluteJoint.cpp */; };
		2524F40639A33E4A34DF0F1C /* ofxBox2dPolygon.cpp in Sources */ = {isa = PBXBuildFile; fileRef = 4D6E92CBBE97C46FB3832A5C /* ofxBox2dPolygon.cpp */; };
		33A78D999F978D797780B907 /* b2CircleShape.cpp in Sources */ = {isa = PBXBuildFile; fileRef = F8B50901E96049FCFBA6043E /* b2CircleShape.cpp */; };
		3427B76B23CCCED5264323F9 /* b2ChainAndPolygonContact.cpp in Sources */ = {isa = PBXBuildFile; fileRef = 0460492C2F65301A5FD76486 /* b2ChainAndPolygonContact.cpp */; };
		35D2652CBB47ABA129250F91 /* b2Draw.cpp in Sources */ = {isa = PBXBuildFile; fileRef = 524719D2C0739781C5FBDB6A /* b2Draw.cpp */; };
		4224F3B63BEABB1329D1C0B6 /* b2DistanceJoint.cpp in Sources */ = {isa = PBXBuildFile; fileRef = C4D590E2D546903C1E3BAB48 /* b2DistanceJoint.cpp */; };
		426B49D327BFC692A16EB859 /* b2WheelJoint.cpp in Sources */ = {isa = PBXBuildFile; fileRef = 9D490C6D6B909B0A6D418F85 /* b2WheelJoint.cpp */; };
		4334242E763D1D8FF8FB1E43 /* b2Collision.cpp in Sources */ = {isa = PBXBuildFile; fileRef = A0AB6F894B7B47CE3D8D1782 /* b2Collision.cpp */; };
		440B97C9DB0452B922B893CB /* b2RopeJoint.cpp in Sources */ = {isa = PBXBuildFile; fileRef = 041AADC5BB4E23E5909A6B82 /* b2RopeJoint.cpp */; };
		4728C070EE48C34814B7ADDD /* b2CollidePolygon.cpp in Sources */ = {isa = PBXBuildFile; fileRef = 46ACA73BEBDAB86471BA340F /* b2CollidePolygon.cpp */; };
		4C06E4C9B9CBCC35BC0E1E46 /* b2ParticleGroup.cpp in Sources */ = {isa = PBXBuildFile; fileRef = 04431838FB93AD18982CCC0A /* b2ParticleGroup.cpp */; };
		5263F54AA49B9AFFC6739D8D /* b2PolygonContact.cpp in Sources */ = {isa = PBXBuildFile; fileRef = 199901E3C0391D3CA940B595 /* b2PolygonContact.cpp */; };
		56949DDBF017687AEE523F16 /* b2BroadPhase.cpp in Sources */ = {isa = PBXBuildFile; fileRef = 2E4D32C5434E76331502160D /* b2BroadPhase.cpp */; };
		5A13697438B702582D30D374 /* b2World.cpp in Sources */ = {isa = PBXBuildFile; fileRef = 6AB594F9DCA57F98719FC0F4 /* b2World.cpp */; };
		5C4E6310A2099ADABC29A23A /* b2TrackedBlock.cpp in Sources */ = {isa = PBXBuildFile; fileRef = B3F33147DD7EADA72B0E14C6 /* b2TrackedBlock.cpp */; };
		653A94BFAA548B304E307FE0 /* b2PulleyJoint.cpp in Sources */ = {isa = PBXBuildFile; fileRef = A9E4618F6B72CFC9892BA840 /* b2PulleyJoint.cpp */; };
		67AF5DC542760B9C51D9AA2E /* b2EdgeAndCircleContact.cpp in Sources */ = {isa = PBXBuildFile; fileRef = 711A1B0C42A1F0CA79CB9EF3 /* b2EdgeAndCircleContact.cpp */; };
		6AA3415BCECADF4BFF04564A /* b2PrismaticJoint.cpp in Sources */ = {isa = PBXBuildFile; fileRef = EA7E326BE942859474CAC949 /* b2PrismaticJoint.cpp */; };
		6C849FD52946FEAFF7BD6AC0 /* b2Fixture.cpp in Sources */ = {isa = PBXBuildFile; fileRef = 9BF9813832A39DF627AC1AF6 /* b2Fixture.cpp */; };
		7101B8EBCB8F8C03A1F56597 /* b2WeldJoint.cpp in Sources */ = {isa = PBXBuildFile; fileRef = B431E9E7F8008EED17023DF3 /* b2WeldJoint.cpp */; };
		7FD354D8FD42A3E0BE7B6A86 /* b2EdgeShape.cpp in Sources */ = {isa = PBXBuildFile; fileRef = F35100E0F0E24992DC3E2BB5 /* b2EdgeShape.cpp */; };
		81E8321493F1FC980D766F87 /* ofxBox2dParticleSystem.cpp in Sources */ = {isa = PBXBuildFile; fileRef = 43BFEF0DECE8CE4E90624E1D /* ofxBox2dParticleSystem.cpp */; };
		846526908DD0BAEA0684CD1A /* b2Settings.cpp in Sources */ = {isa = PBXBuildFile; fileRef = D8CD810734AC617189BB36CF /* b2Settings.cpp */; };
		87D2F402BEEF5E3CADC9DEB0 /* ofxBox2dCircle.cpp in Sources */ = {isa = PBXBuildFile; fileRef = 692509A8008DDBCD3B3B0082 /* ofxBox2dCircle.cpp */; };
		8D5D332C944074A51DB04779 /* b2ContactSolver.cpp in Sources */ = {isa = PBXBuildFile; fileRef = EF9F283363F88D032F8B7AF6 /* b2ContactSolver.cpp */; };
		999D76E6FFB13255152CB8D0 /* b2StackAllocator.cpp in Sources */ = {isa = PBXBuildFile; fileRef = BEB021F1F92E6E734BB409A2 /* b2StackAllocator.cpp */; };
		9BFDBA462B809FAF024A1BD5 /* del_impl.cpp in Sources */ = {isa = PBXBuildFile; fileRef = 7DF675A00ECFBF83B613003D /* del_impl.cpp */; };
		9F23FA2C2157EC95DFC4AD75 /* b2Particle.cpp in Sources */ = {isa = PBXBuildFile; fileRef = 1185BC900175438AC80FC7F5 /* b2Particle.cpp */; };
		A01D694CFFCC370B66002D3A /* b2Joint.cpp in Sources */ = {isa = PBXBuildFile; fileRef = 8AFC9EE49ED40BAC4A939E29 /* b2Joint.cpp */; };
		A18332F9CD3C4E774B368D9A /* b2Contact.cpp in Sources */ = {isa = PBXBuildFile; fileRef = DF987F4E8870A80987CF5B73 /* b2Contact.cpp */; };
		A1EF6471CC8B13F0C3210220 /* ofxBox2d.cpp in Sources */ = {isa = PBXBuildFile; fileRef = 1A87B105AE081FF640774141 /* ofxBox2d.cpp */; };
		A33E832937B9A5A6FDF4BE47 /* ofxBox2dRect.cpp in Sources */ = {isa = PBXBuildFile; fileRef = 47FE72C955F7382ACC0DCD42 /* ofxBox2dRect.cpp */; };
		A483B57249A34514377C5AE8 /* b2CollideCircle.cpp in Sources */ = {isa = PBXBuildFile; fileRef = B807D9F9F827853C14591618 /* b2CollideCircle.cpp */; };
		A6006EAA2C95A6A9BEB9CDC4 /* b2ContactManager.cpp in Sources */ = {isa = PBXBuildFile; fileRef = A91048F2958D13C16C9318E8 /* b2ContactManager.cpp */; };
		ACFD9F73073C6D26A4300E4C /* b2FreeList.cpp in Sources */ = {isa = PBXBuildFile; fileRef = CC8367A9A0B4DE52A28366D6 /* b2FreeList.cpp */; };
		B427DFF6B9AB0E77D6DA6FEF /* b2ChainAndCircleContact.cpp in Sources */ = {isa = PBXBuildFile; fileRef = DF0C7B74CA21E3F3C01B16A2 /* b2ChainAndCircleContact.cpp */; };
		B5F050DAFDC878A0E173FDD8 /* b2CircleContact.cpp in Sources */ = {isa = PBXBuildFile; fileRef = 619F900B8B36F185A8F81C8C /* b2CircleContact.cpp */; };
		BBAB23CB13894F3D00AA2426 /* GLUT.framework in CopyFiles */ = {isa = PBXBuildFile; fileRef = BBAB23BE13894E4700AA2426 /* GLUT.framework */; };
		BECF964DBFA7ED2BC5CC2E18 /* b2Timer.cpp in Sources */ = {isa = PBXBuildFile; fileRef = 9FF6CA47D39B4F848C497092 /* b2Timer.cpp */; };
		BF2CFA915EDBB99B0F92489A /* b2ChainShape.cpp in Sources */ = {isa = PBXBuildFile; fileRef = 0E52E6BAAF72BF7CDFDF5F9C /* b2ChainShape.cpp */; };
		BF30D7A362CEBF9286D087FD /* b2WorldCallbacks.cpp in Sources */ = {isa = PBXBuildFile; fileRef = F1325975A2867C7088859835 /* b2WorldCallbacks.cpp */; };
		C3D11D4FFE1DE2FCC7662FDB /* b2Island.cpp in Sources */ = {isa = PBXBuildFile; fileRef = 9BB28A61A63A5A1D4A85114C /* b2Island.cpp */; };
		C456A2128B1FD676B183B037 /* ofxBox2dEdge.cpp in Sources */ = {isa = PBXBuildFile; fileRef = 88FD29E7442D6730613A3832 /* ofxBox2dEdge.cpp */; };
		C5A13ECE4E672F9F9ADED941 /* b2Stat.cpp in Sources */ = {isa = PBXBuildFile; fileRef = 85025E2A7A6FAB0C5A8E9937 /* b2Stat.cpp */; };
		CF3A676E14EE72552C5CF31A /* b2CollideEdge.cpp in Sources */ = {isa = PBXBuildFile; fileRef = 2ED633D856572E305A6ACCCF /* b2CollideEdge.cpp */; };
		D05287C5415F1FF3D192436E /* b2Body.cpp in Sources */ = {isa = PBXBuildFile; fileRef = C4B259A605224313887E1F61 /* b2Body.cpp */; };
		D178E2BCBC7F027A53B6C9DF /* b2BlockAllocator.cpp in Sources */ = {isa = PBXBuildFile; fileRef = A7D31BD6350F68A08851CD97 /* b2BlockAllocator.cpp */; };
		D454A93592CDD8538BD16BD2 /* ofxBox2dBaseShape.cpp in Sources */ = {isa = PBXBuildFile; fileRef = 1B13FF6ADCC7F1B311AC63F4 /* ofxBox2dBaseShape.cpp */; };
		D7014DA1DC8ABBB6FB6C76EE /* b2Math.cpp in Sources */ = {isa = PBXBuildFile; fileRef = 5C0483B6F7B4740C77611766 /* b2Math.cpp */; };
		DF69DB222467E01AF295EA2F /* b2EdgeAndPolygonContact.cpp in Sources */ = {isa = PBXBuildFile; fileRef = 4E5D352474E2100193463C35 /* b2EdgeAndPolygonContact.cpp */; };
		E4328149138ABC9F0047C5CB /* openFrameworksDebug.a in Frameworks */ = {isa = PBXBuildFile; fileRef = E4328148138ABC890047C5CB /* openFrameworksDebug.a */; };
		E45BE97B0E8CC7DD009D7055 /* AGL.framework in Frameworks */ = {isa = PBXBuildFile; fileRef = E45BE9710E8CC7DD009D7055 /* AGL.framework */; };
		E45BE97C0E8CC7DD009D7055 /* ApplicationServices.framework in Frameworks */ = {isa = PBXBuildFile; fileRef = E45BE9720E8CC7DD009D7055 /* ApplicationServices.framework */; };
		E45BE97D0E8CC7DD009D7055 /* AudioToolbox.framework in Frameworks */ = {isa = PBXBuildFile; fileRef = E45BE9730E8CC7DD009D7055 /* AudioToolbox.framework */; };
		E45BE97F0E8CC7DD009D7055 /* CoreAudio.framework in Frameworks */ = {isa = PBXBuildFile; fileRef = E45BE9750E8CC7DD009D7055 /* CoreAudio.framework */; };
		E45BE9800E8CC7DD009D7055 /* CoreFoundation.framework in Frameworks */ = {isa = PBXBuildFile; fileRef = E45BE9760E8CC7DD009D7055 /* CoreFoundation.framework */; };
		E45BE9810E8CC7DD009D7055 /* CoreServices.framework in Frameworks */ = {isa = PBXBuildFile; fileRef = E45BE9770E8CC7DD009D7055 /* CoreServices.framework */; };
		E45BE9830E8CC7DD009D7055 /* OpenGL.framework in Frameworks */ = {isa = PBXBuildFile; fileRef = E45BE9790E8CC7DD009D7055 /* OpenGL.framework */; };
		E45BE9840E8CC7DD009D7055 /* QuickTime.framework in Frameworks */ = {isa = PBXBuildFile; fileRef = E45BE97A0E8CC7DD009D7055 /* QuickTime.framework */; };
		E4B11E431E7B4432B794E723 /* b2FrictionJoint.cpp in Sources */ = {isa = PBXBuildFile; fileRef = ED304DDB3E041B23D722041E /* b2FrictionJoint.cpp */; };
		E4B69E200A3A1BDC003C02F2 /* main.cpp in Sources */ = {isa = PBXBuildFile; fileRef = E4B69E1D0A3A1BDC003C02F2 /* main.cpp */; };
		E4B69E210A3A1BDC003C02F2 /* ofApp.cpp in Sources */ = {isa = PBXBuildFile; fileRef = E4B69E1E0A3A1BDC003C02F2 /* ofApp.cpp */; };
		E4C2424710CC5A17004149E2 /* AppKit.framework in Frameworks */ = {isa = PBXBuildFile; fileRef = E4C2424410CC5A17004149E2 /* AppKit.framework */; };
		E4C2424810CC5A17004149E2 /* Cocoa.framework in Frameworks */ = {isa = PBXBuildFile; fileRef = E4C2424510CC5A17004149E2 /* Cocoa.framework */; };
		E4C2424910CC5A17004149E2 /* IOKit.framework in Frameworks */ = {isa = PBXBuildFile; fileRef = E4C2424610CC5A17004149E2 /* IOKit.framework */; };
		E4EB6799138ADC1D00A09F29 /* GLUT.framework in Frameworks */ = {isa = PBXBuildFile; fileRef = BBAB23BE13894E4700AA2426 /* GLUT.framework */; };
		E68D55BE4AE4CA5B729522EA /* ofxBox2dJoint.cpp in Sources */ = {isa = PBXBuildFile; fileRef = 754B2905967F6DA1C95A0534 /* ofxBox2dJoint.cpp */; };
		E7E077E515D3B63C0020DFD4 /* CoreVideo.framework in Frameworks */ = {isa = PBXBuildFile; fileRef = E7E077E415D3B63C0020DFD4 /* CoreVideo.framework */; };
		E7E077E815D3B6510020DFD4 /* QTKit.framework in Frameworks */ = {isa = PBXBuildFile; fileRef = E7E077E715D3B6510020DFD4 /* QTKit.framework */; };
		E7F985F815E0DEA3003869B5 /* Accelerate.framework in Frameworks */ = {isa = PBXBuildFile; fileRef = E7F985F515E0DE99003869B5 /* Accelerate.framework */; };
		E87F18826B4009FF538F87AA /* b2MouseJoint.cpp in Sources */ = {isa = PBXBuildFile; fileRef = 3FBD320860285A0147703AF6 /* b2MouseJoint.cpp */; };
		EA577AB835EB0637399363FA /* b2GearJoint.cpp in Sources */ = {isa = PBXBuildFile; fileRef = 959A8ED752EE138270517962 /* b2GearJoint.cpp */; };
		F0A2BB1960C6187B7EA12EA5 /* b2PolygonShape.cpp in Sources */ = {isa = PBXBuildFile; fileRef = 39062D5B674FF307E203AD78 /* b2PolygonShape.cpp */; };
		F8F175BE4626C6F67BB1A2CD /* b2ParticleSystem.cpp in Sources */ = {isa = PBXBuildFile; fileRef = 8A54FB7C10AB2691B92EB60B /* b2ParticleSystem.cpp */; };
/* End PBXBuildFile section */

/* Begin PBXContainerItemProxy section */
		E4328147138ABC890047C5CB /* PBXContainerItemProxy */ = {
			isa = PBXContainerItemProxy;
			containerPortal = E4328143138ABC890047C5CB /* openFrameworksLib.xcodeproj */;
			proxyType = 2;
			remoteGlobalIDString = E4B27C1510CBEB8E00536013;
			remoteInfo = openFrameworks;
		};
		E4EEB9AB138B136A00A80321 /* PBXContainerItemProxy */ = {
			isa = PBXContainerItemProxy;
			containerPortal = E4328143138ABC890047C5CB /* openFrameworksLib.xcodeproj */;
			proxyType = 1;
			remoteGlobalIDString = E4B27C1410CBEB8E00536013;
			remoteInfo = openFrameworks;
		};
/* End PBXContainerItemProxy section */

/* Begin PBXCopyFilesBuildPhase section */
		E4C2427710CC5ABF004149E2 /* CopyFiles */ = {
			isa = PBXCopyFilesBuildPhase;
			buildActionMask = 2147483647;
			dstPath = "";
			dstSubfolderSpec = 10;
			files = (
				BBAB23CB13894F3D00AA2426 /* GLUT.framework in CopyFiles */,
			);
			runOnlyForDeploymentPostprocessing = 0;
		};
/* End PBXCopyFilesBuildPhase section */

/* Begin PBXFileReference section */
		016644F27ED407F86AFEE3FF /* assert.hpp */ = {isa = PBXFileReference; explicitFileType = sourcecode.c.h; fileEncoding = 30; name = assert.hpp; path = ../../../addons/ofxLiquidFun/libs/triangle/assert.hpp; sourceTree = SOURCE_ROOT; };
		02BC14605FF8CB57A6B6F3A7 /* b2RevoluteJoint.h */ = {isa = PBXFileReference; explicitFileType = sourcecode.c.h; fileEncoding = 30; name = b2RevoluteJoint.h; path = ../../../addons/ofxLiquidFun/libs/Box2D/Dynamics/Joints/b2RevoluteJoint.h; sourceTree = SOURCE_ROOT; };
		041AADC5BB4E23E5909A6B82 /* b2RopeJoint.cpp */ = {isa = PBXFileReference; explicitFileType = sourcecode.cpp.cpp; fileEncoding = 30; name = b2RopeJoint.cpp; path = ../../../addons/ofxLiquidFun/libs/Box2D/Dynamics/Joints/b2RopeJoint.cpp; sourceTree = SOURCE_ROOT; };
		04431838FB93AD18982CCC0A /* b2ParticleGroup.cpp */ = {isa = PBXFileReference; explicitFileType = sourcecode.cpp.cpp; fileEncoding = 30; name = b2ParticleGroup.cpp; path = ../../../addons/ofxLiquidFun/libs/Box2D/Particle/b2ParticleGroup.cpp; sourceTree = SOURCE_ROOT; };
		0460492C2F65301A5FD76486 /* b2ChainAndPolygonContact.cpp */ = {isa = PBXFileReference; explicitFileType = sourcecode.cpp.cpp; fileEncoding = 30; name = b2ChainAndPolygonContact.cpp; path = ../../../addons/ofxLiquidFun/libs/Box2D/Dynamics/Contacts/b2ChainAndPolygonContact.cpp; sourceTree = SOURCE_ROOT; };
		0BE97B413EDF87CBEBF60578 /* b2Settings.h */ = {isa = PBXFileReference; explicitFileType = sourcecode.c.h; fileEncoding = 30; name = b2Settings.h; path = ../../../addons/ofxLiquidFun/libs/Box2D/Common/b2Settings.h; sourceTree = SOURCE_ROOT; };
		0E52E6BAAF72BF7CDFDF5F9C /* b2ChainShape.cpp */ = {isa = PBXFileReference; explicitFileType = sourcecode.cpp.cpp; fileEncoding = 30; name = b2ChainShape.cpp; path = ../../../addons/ofxLiquidFun/libs/Box2D/Collision/Shapes/b2ChainShape.cpp; sourceTree = SOURCE_ROOT; };
		1185BC900175438AC80FC7F5 /* b2Particle.cpp */ = {isa = PBXFileReference; explicitFileType = sourcecode.cpp.cpp; fileEncoding = 30; name = b2Particle.cpp; path = ../../../addons/ofxLiquidFun/libs/Box2D/Particle/b2Particle.cpp; sourceTree = SOURCE_ROOT; };
		11AB92BA5A01947BD5C8AFD2 /* triangle.h */ = {isa = PBXFileReference; explicitFileType = sourcecode.c.h; fileEncoding = 30; name = triangle.h; path = ../../../addons/ofxLiquidFun/libs/triangle/triangle.h; sourceTree = SOURCE_ROOT; };
		1893718F19A859CB00F8E1F4 /* ofxLiquidFun.h */ = {isa = PBXFileReference; lastKnownFileType = sourcecode.c.h; name = ofxLiquidFun.h; path = ../src/ofxLiquidFun.h; sourceTree = "<group>"; };
		19572082584CC5A6F350437C /* b2DynamicTree.cpp */ = {isa = PBXFileReference; explicitFileType = sourcecode.cpp.cpp; fileEncoding = 30; name = b2DynamicTree.cpp; path = ../../../addons/ofxLiquidFun/libs/Box2D/Collision/b2DynamicTree.cpp; sourceTree = SOURCE_ROOT; };
		199901E3C0391D3CA940B595 /* b2PolygonContact.cpp */ = {isa = PBXFileReference; explicitFileType = sourcecode.cpp.cpp; fileEncoding = 30; name = b2PolygonContact.cpp; path = ../../../addons/ofxLiquidFun/libs/Box2D/Dynamics/Contacts/b2PolygonContact.cpp; sourceTree = SOURCE_ROOT; };
		1A87B105AE081FF640774141 /* ofxBox2d.cpp */ = {isa = PBXFileReference; explicitFileType = sourcecode.cpp.cpp; fileEncoding = 30; name = ofxBox2d.cpp; path = ../../../addons/ofxLiquidFun/src/ofxBox2d.cpp; sourceTree = SOURCE_ROOT; };
		1B13FF6ADCC7F1B311AC63F4 /* ofxBox2dBaseShape.cpp */ = {isa = PBXFileReference; explicitFileType = sourcecode.cpp.cpp; fileEncoding = 30; name = ofxBox2dBaseShape.cpp; path = ../../../addons/ofxLiquidFun/src/ofxBox2dBaseShape.cpp; sourceTree = SOURCE_ROOT; };
		1C7AADB7DBC7C365EDAF97AE /* b2Collision.h */ = {isa = PBXFileReference; explicitFileType = sourcecode.c.h; fileEncoding = 30; name = b2Collision.h; path = ../../../addons/ofxLiquidFun/libs/Box2D/Collision/b2Collision.h; sourceTree = SOURCE_ROOT; };
		1F14A23F47351F5EFB5D07B3 /* b2IntrusiveList.h */ = {isa = PBXFileReference; explicitFileType = sourcecode.c.h; fileEncoding = 30; name = b2IntrusiveList.h; path = ../../../addons/ofxLiquidFun/libs/Box2D/Common/b2IntrusiveList.h; sourceTree = SOURCE_ROOT; };
		271AF74D7380F148BDDFF40E /* del_interface.hpp */ = {isa = PBXFileReference; explicitFileType = sourcecode.c.h; fileEncoding = 30; name = del_interface.hpp; path = ../../../addons/ofxLiquidFun/libs/triangle/del_interface.hpp; sourceTree = SOURCE_ROOT; };
		27379686F7E144D6AE4D9A39 /* b2CircleShape.h */ = {isa = PBXFileReference; explicitFileType = sourcecode.c.h; fileEncoding = 30; name = b2CircleShape.h; path = ../../../addons/ofxLiquidFun/libs/Box2D/Collision/Shapes/b2CircleShape.h; sourceTree = SOURCE_ROOT; };
		28F4383510244B2710239DDF /* b2ChainShape.h */ = {isa = PBXFileReference; explicitFileType = sourcecode.c.h; fileEncoding = 30; name = b2ChainShape.h; path = ../../../addons/ofxLiquidFun/libs/Box2D/Collision/Shapes/b2ChainShape.h; sourceTree = SOURCE_ROOT; };
		2E4D32C5434E76331502160D /* b2BroadPhase.cpp */ = {isa = PBXFileReference; explicitFileType = sourcecode.cpp.cpp; fileEncoding = 30; name = b2BroadPhase.cpp; path = ../../../addons/ofxLiquidFun/libs/Box2D/Collision/b2BroadPhase.cpp; sourceTree = SOURCE_ROOT; };
		2ED633D856572E305A6ACCCF /* b2CollideEdge.cpp */ = {isa = PBXFileReference; explicitFileType = sourcecode.cpp.cpp; fileEncoding = 30; name = b2CollideEdge.cpp; path = ../../../addons/ofxLiquidFun/libs/Box2D/Collision/b2CollideEdge.cpp; sourceTree = SOURCE_ROOT; };
		39062D5B674FF307E203AD78 /* b2PolygonShape.cpp */ = {isa = PBXFileReference; explicitFileType = sourcecode.cpp.cpp; fileEncoding = 30; name = b2PolygonShape.cpp; path = ../../../addons/ofxLiquidFun/libs/Box2D/Collision/Shapes/b2PolygonShape.cpp; sourceTree = SOURCE_ROOT; };
		3C10C48B1E9A15223A02411C /* b2ParticleAssembly.cpp */ = {isa = PBXFileReference; explicitFileType = sourcecode.cpp.cpp; fileEncoding = 30; name = b2ParticleAssembly.cpp; path = ../../../addons/ofxLiquidFun/libs/Box2D/Particle/b2ParticleAssembly.cpp; sourceTree = SOURCE_ROOT; };
		3FBD320860285A0147703AF6 /* b2MouseJoint.cpp */ = {isa = PBXFileReference; explicitFileType = sourcecode.cpp.cpp; fileEncoding = 30; name = b2MouseJoint.cpp; path = ../../../addons/ofxLiquidFun/libs/Box2D/Dynamics/Joints/b2MouseJoint.cpp; sourceTree = SOURCE_ROOT; };
		40389FEBF165732F45463608 /* b2Contact.h */ = {isa = PBXFileReference; explicitFileType = sourcecode.c.h; fileEncoding = 30; name = b2Contact.h; path = ../../../addons/ofxLiquidFun/libs/Box2D/Dynamics/Contacts/b2Contact.h; sourceTree = SOURCE_ROOT; };
		413D610C698B244B80F30B41 /* b2StackQueue.h */ = {isa = PBXFileReference; explicitFileType = sourcecode.c.h; fileEncoding = 30; name = b2StackQueue.h; path = ../../../addons/ofxLiquidFun/libs/Box2D/Particle/b2StackQueue.h; sourceTree = SOURCE_ROOT; };
		43BFEF0DECE8CE4E90624E1D /* ofxBox2dParticleSystem.cpp */ = {isa = PBXFileReference; explicitFileType = sourcecode.cpp.cpp; fileEncoding = 30; name = ofxBox2dParticleSystem.cpp; path = ../../../addons/ofxLiquidFun/src/ofxBox2dParticleSystem.cpp; sourceTree = SOURCE_ROOT; };
		46ACA73BEBDAB86471BA340F /* b2CollidePolygon.cpp */ = {isa = PBXFileReference; explicitFileType = sourcecode.cpp.cpp; fileEncoding = 30; name = b2CollidePolygon.cpp; path = ../../../addons/ofxLiquidFun/libs/Box2D/Collision/b2CollidePolygon.cpp; sourceTree = SOURCE_ROOT; };
		475041676C653EF6BAE942E6 /* b2Joint.h */ = {isa = PBXFileReference; explicitFileType = sourcecode.c.h; fileEncoding = 30; name = b2Joint.h; path = ../../../addons/ofxLiquidFun/libs/Box2D/Dynamics/Joints/b2Joint.h; sourceTree = SOURCE_ROOT; };
		47FE72C955F7382ACC0DCD42 /* ofxBox2dRect.cpp */ = {isa = PBXFileReference; explicitFileType = sourcecode.cpp.cpp; fileEncoding = 30; name = ofxBox2dRect.cpp; path = ../../../addons/ofxLiquidFun/src/ofxBox2dRect.cpp; sourceTree = SOURCE_ROOT; };
		49360565D72BA519D4AE87BA /* b2EdgeAndPolygonContact.h */ = {isa = PBXFileReference; explicitFileType = sourcecode.c.h; fileEncoding = 30; name = b2EdgeAndPolygonContact.h; path = ../../../addons/ofxLiquidFun/libs/Box2D/Dynamics/Contacts/b2EdgeAndPolygonContact.h; sourceTree = SOURCE_ROOT; };
		4A020350D99BFF434210ECF8 /* b2BlockAllocator.h */ = {isa = PBXFileReference; explicitFileType = sourcecode.c.h; fileEncoding = 30; name = b2BlockAllocator.h; path = ../../../addons/ofxLiquidFun/libs/Box2D/Common/b2BlockAllocator.h; sourceTree = SOURCE_ROOT; };
		4CAE1D61C53FB3F11FBD94A5 /* ofxBox2d.h */ = {isa = PBXFileReference; explicitFileType = sourcecode.c.h; fileEncoding = 30; name = ofxBox2d.h; path = ../../../addons/ofxLiquidFun/src/ofxBox2d.h; sourceTree = SOURCE_ROOT; };
		4D6E92CBBE97C46FB3832A5C /* ofxBox2dPolygon.cpp */ = {isa = PBXFileReference; explicitFileType = sourcecode.cpp.cpp; fileEncoding = 30; name = ofxBox2dPolygon.cpp; path = ../../../addons/ofxLiquidFun/src/ofxBox2dPolygon.cpp; sourceTree = SOURCE_ROOT; };
		4E5D352474E2100193463C35 /* b2EdgeAndPolygonContact.cpp */ = {isa = PBXFileReference; explicitFileType = sourcecode.cpp.cpp; fileEncoding = 30; name = b2EdgeAndPolygonContact.cpp; path = ../../../addons/ofxLiquidFun/libs/Box2D/Dynamics/Contacts/b2EdgeAndPolygonContact.cpp; sourceTree = SOURCE_ROOT; };
		4EE485DD429295B380418787 /* b2EdgeAndCircleContact.h */ = {isa = PBXFileReference; explicitFileType = sourcecode.c.h; fileEncoding = 30; name = b2EdgeAndCircleContact.h; path = ../../../addons/ofxLiquidFun/libs/Box2D/Dynamics/Contacts/b2EdgeAndCircleContact.h; sourceTree = SOURCE_ROOT; };
		524719D2C0739781C5FBDB6A /* b2Draw.cpp */ = {isa = PBXFileReference; explicitFileType = sourcecode.cpp.cpp; fileEncoding = 30; name = b2Draw.cpp; path = ../../../addons/ofxLiquidFun/libs/Box2D/Common/b2Draw.cpp; sourceTree = SOURCE_ROOT; };
		56EEF938FCB07CDFA1491061 /* b2DynamicTree.h */ = {isa = PBXFileReference; explicitFileType = sourcecode.c.h; fileEncoding = 30; name = b2DynamicTree.h; path = ../../../addons/ofxLiquidFun/libs/Box2D/Collision/b2DynamicTree.h; sourceTree = SOURCE_ROOT; };
		5C0483B6F7B4740C77611766 /* b2Math.cpp */ = {isa = PBXFileReference; explicitFileType = sourcecode.cpp.cpp; fileEncoding = 30; name = b2Math.cpp; path = ../../../addons/ofxLiquidFun/libs/Box2D/Common/b2Math.cpp; sourceTree = SOURCE_ROOT; };
		5E46F7EC33962A73E32EF63E /* ofxBox2dPolygonUtils.h */ = {isa = PBXFileReference; explicitFileType = sourcecode.c.h; fileEncoding = 30; name = ofxBox2dPolygonUtils.h; path = ../../../addons/ofxLiquidFun/src/ofxBox2dPolygonUtils.h; sourceTree = SOURCE_ROOT; };
		60548463096D7A16B511C649 /* b2WeldJoint.h */ = {isa = PBXFileReference; explicitFileType = sourcecode.c.h; fileEncoding = 30; name = b2WeldJoint.h; path = ../../../addons/ofxLiquidFun/libs/Box2D/Dynamics/Joints/b2WeldJoint.h; sourceTree = SOURCE_ROOT; };
		619F900B8B36F185A8F81C8C /* b2CircleContact.cpp */ = {isa = PBXFileReference; explicitFileType = sourcecode.cpp.cpp; fileEncoding = 30; name = b2CircleContact.cpp; path = ../../../addons/ofxLiquidFun/libs/Box2D/Dynamics/Contacts/b2CircleContact.cpp; sourceTree = SOURCE_ROOT; };
		62A32CE466B198E676C13D8D /* b2GrowableStack.h */ = {isa = PBXFileReference; explicitFileType = sourcecode.c.h; fileEncoding = 30; name = b2GrowableStack.h; path = ../../../addons/ofxLiquidFun/libs/Box2D/Common/b2GrowableStack.h; sourceTree = SOURCE_ROOT; };
		6485BE0F45062898DCEC974B /* b2Distance.h */ = {isa = PBXFileReference; explicitFileType = sourcecode.c.h; fileEncoding = 30; name = b2Distance.h; path = ../../../addons/ofxLiquidFun/libs/Box2D/Collision/b2Distance.h; sourceTree = SOURCE_ROOT; };
		650C2C2C160DBCE05923C5A6 /* b2WheelJoint.h */ = {isa = PBXFileReference; explicitFileType = sourcecode.c.h; fileEncoding = 30; name = b2WheelJoint.h; path = ../../../addons/ofxLiquidFun/libs/Box2D/Dynamics/Joints/b2WheelJoint.h; sourceTree = SOURCE_ROOT; };
		658E849B1BF88412C8ED4ABF /* b2Island.h */ = {isa = PBXFileReference; explicitFileType = sourcecode.c.h; fileEncoding = 30; name = b2Island.h; path = ../../../addons/ofxLiquidFun/libs/Box2D/Dynamics/b2Island.h; sourceTree = SOURCE_ROOT; };
		66FACE31A6E04CD347501787 /* b2GearJoint.h */ = {isa = PBXFileReference; explicitFileType = sourcecode.c.h; fileEncoding = 30; name = b2GearJoint.h; path = ../../../addons/ofxLiquidFun/libs/Box2D/Dynamics/Joints/b2GearJoint.h; sourceTree = SOURCE_ROOT; };
		676663CCD2647B8EF069B39C /* b2TimeOfImpact.h */ = {isa = PBXFileReference; explicitFileType = sourcecode.c.h; fileEncoding = 30; name = b2TimeOfImpact.h; path = ../../../addons/ofxLiquidFun/libs/Box2D/Collision/b2TimeOfImpact.h; sourceTree = SOURCE_ROOT; };
		68F0BEE17034D6E5E68118AD /* b2MouseJoint.h */ = {isa = PBXFileReference; explicitFileType = sourcecode.c.h; fileEncoding = 30; name = b2MouseJoint.h; path = ../../../addons/ofxLiquidFun/libs/Box2D/Dynamics/Joints/b2MouseJoint.h; sourceTree = SOURCE_ROOT; };
		690B072805F02B3AF17ECDB8 /* ofxBox2dRender.h */ = {isa = PBXFileReference; explicitFileType = sourcecode.c.h; fileEncoding = 30; name = ofxBox2dRender.h; path = ../../../addons/ofxLiquidFun/src/ofxBox2dRender.h; sourceTree = SOURCE_ROOT; };
		692509A8008DDBCD3B3B0082 /* ofxBox2dCircle.cpp */ = {isa = PBXFileReference; explicitFileType = sourcecode.cpp.cpp; fileEncoding = 30; name = ofxBox2dCircle.cpp; path = ../../../addons/ofxLiquidFun/src/ofxBox2dCircle.cpp; sourceTree = SOURCE_ROOT; };
		6AB594F9DCA57F98719FC0F4 /* b2World.cpp */ = {isa = PBXFileReference; explicitFileType = sourcecode.cpp.cpp; fileEncoding = 30; name = b2World.cpp; path = ../../../addons/ofxLiquidFun/libs/Box2D/Dynamics/b2World.cpp; sourceTree = SOURCE_ROOT; };
		6C12DA142EC60F5BF1279CC1 /* b2MotorJoint.cpp */ = {isa = PBXFileReference; explicitFileType = sourcecode.cpp.cpp; fileEncoding = 30; name = b2MotorJoint.cpp; path = ../../../addons/ofxLiquidFun/libs/Box2D/Dynamics/Joints/b2MotorJoint.cpp; sourceTree = SOURCE_ROOT; };
		6E42D1545C05DC5969830FA7 /* b2ContactManager.h */ = {isa = PBXFileReference; explicitFileType = sourcecode.c.h; fileEncoding = 30; name = b2ContactManager.h; path = ../../../addons/ofxLiquidFun/libs/Box2D/Dynamics/b2ContactManager.h; sourceTree = SOURCE_ROOT; };
		6E6663A9916623069BB41749 /* b2WorldCallbacks.h */ = {isa = PBXFileReference; explicitFileType = sourcecode.c.h; fileEncoding = 30; name = b2WorldCallbacks.h; path = ../../../addons/ofxLiquidFun/libs/Box2D/Dynamics/b2WorldCallbacks.h; sourceTree = SOURCE_ROOT; };
		71165AEA4999A7487A0D4AC8 /* dpoint.hpp */ = {isa = PBXFileReference; explicitFileType = sourcecode.c.h; fileEncoding = 30; name = dpoint.hpp; path = ../../../addons/ofxLiquidFun/libs/triangle/dpoint.hpp; sourceTree = SOURCE_ROOT; };
		711A1B0C42A1F0CA79CB9EF3 /* b2EdgeAndCircleContact.cpp */ = {isa = PBXFileReference; explicitFileType = sourcecode.cpp.cpp; fileEncoding = 30; name = b2EdgeAndCircleContact.cpp; path = ../../../addons/ofxLiquidFun/libs/Box2D/Dynamics/Contacts/b2EdgeAndCircleContact.cpp; sourceTree = SOURCE_ROOT; };
		754B2905967F6DA1C95A0534 /* ofxBox2dJoint.cpp */ = {isa = PBXFileReference; explicitFileType = sourcecode.cpp.cpp; fileEncoding = 30; name = ofxBox2dJoint.cpp; path = ../../../addons/ofxLiquidFun/src/ofxBox2dJoint.cpp; sourceTree = SOURCE_ROOT; };
		76BB8994C3B8A22D06F5D756 /* b2TimeStep.h */ = {isa = PBXFileReference; explicitFileType = sourcecode.c.h; fileEncoding = 30; name = b2TimeStep.h; path = ../../../addons/ofxLiquidFun/libs/Box2D/Dynamics/b2TimeStep.h; sourceTree = SOURCE_ROOT; };
		7797DDE01ACAE821BC7E6973 /* b2SlabAllocator.h */ = {isa = PBXFileReference; explicitFileType = sourcecode.c.h; fileEncoding = 30; name = b2SlabAllocator.h; path = ../../../addons/ofxLiquidFun/libs/Box2D/Common/b2SlabAllocator.h; sourceTree = SOURCE_ROOT; };
		796A8CF08F426D78B85A26DA /* b2Fixture.h */ = {isa = PBXFileReference; explicitFileType = sourcecode.c.h; fileEncoding = 30; name = b2Fixture.h; path = ../../../addons/ofxLiquidFun/libs/Box2D/Dynamics/b2Fixture.h; sourceTree = SOURCE_ROOT; };
		79CC5E74F79F1FB86A9C0642 /* ofxBox2dUtils.h */ = {isa = PBXFileReference; explicitFileType = sourcecode.c.h; fileEncoding = 30; name = ofxBox2dUtils.h; path = ../../../addons/ofxLiquidFun/src/ofxBox2dUtils.h; sourceTree = SOURCE_ROOT; };
		7DF675A00ECFBF83B613003D /* del_impl.cpp */ = {isa = PBXFileReference; explicitFileType = sourcecode.cpp.cpp; fileEncoding = 30; name = del_impl.cpp; path = ../../../addons/ofxLiquidFun/libs/triangle/del_impl.cpp; sourceTree = SOURCE_ROOT; };
		826C16D3DF61FADC7357427C /* b2PolygonContact.h */ = {isa = PBXFileReference; explicitFileType = sourcecode.c.h; fileEncoding = 30; name = b2PolygonContact.h; path = ../../../addons/ofxLiquidFun/libs/Box2D/Dynamics/Contacts/b2PolygonContact.h; sourceTree = SOURCE_ROOT; };
		82C4AF58EA085FDFBD91FEA4 /* Box2D.h */ = {isa = PBXFileReference; explicitFileType = sourcecode.c.h; fileEncoding = 30; name = Box2D.h; path = ../../../addons/ofxLiquidFun/libs/Box2D/Box2D.h; sourceTree = SOURCE_ROOT; };
		839172CB30F52544CCB615E8 /* b2DistanceJoint.h */ = {isa = PBXFileReference; explicitFileType = sourcecode.c.h; fileEncoding = 30; name = b2DistanceJoint.h; path = ../../../addons/ofxLiquidFun/libs/Box2D/Dynamics/Joints/b2DistanceJoint.h; sourceTree = SOURCE_ROOT; };
		85025E2A7A6FAB0C5A8E9937 /* b2Stat.cpp */ = {isa = PBXFileReference; explicitFileType = sourcecode.cpp.cpp; fileEncoding = 30; name = b2Stat.cpp; path = ../../../addons/ofxLiquidFun/libs/Box2D/Common/b2Stat.cpp; sourceTree = SOURCE_ROOT; };
		864C623936175512CEEFF951 /* b2TimeOfImpact.cpp */ = {isa = PBXFileReference; explicitFileType = sourcecode.cpp.cpp; fileEncoding = 30; name = b2TimeOfImpact.cpp; path = ../../../addons/ofxLiquidFun/libs/Box2D/Collision/b2TimeOfImpact.cpp; sourceTree = SOURCE_ROOT; };
		88FD29E7442D6730613A3832 /* ofxBox2dEdge.cpp */ = {isa = PBXFileReference; explicitFileType = sourcecode.cpp.cpp; fileEncoding = 30; name = ofxBox2dEdge.cpp; path = ../../../addons/ofxLiquidFun/src/ofxBox2dEdge.cpp; sourceTree = SOURCE_ROOT; };
		8A54FB7C10AB2691B92EB60B /* b2ParticleSystem.cpp */ = {isa = PBXFileReference; explicitFileType = sourcecode.cpp.cpp; fileEncoding = 30; name = b2ParticleSystem.cpp; path = ../../../addons/ofxLiquidFun/libs/Box2D/Particle/b2ParticleSystem.cpp; sourceTree = SOURCE_ROOT; };
		8A9C4049B5CE4A1F6C8AF18C /* ofxBox2dPolygon.h */ = {isa = PBXFileReference; explicitFileType = sourcecode.c.h; fileEncoding = 30; name = ofxBox2dPolygon.h; path = ../../../addons/ofxLiquidFun/src/ofxBox2dPolygon.h; sourceTree = SOURCE_ROOT; };
		8ACD88B7932EF60A81B535F3 /* b2TrackedBlock.h */ = {isa = PBXFileReference; explicitFileType = sourcecode.c.h; fileEncoding = 30; name = b2TrackedBlock.h; path = ../../../addons/ofxLiquidFun/libs/Box2D/Common/b2TrackedBlock.h; sourceTree = SOURCE_ROOT; };
		8AFC9EE49ED40BAC4A939E29 /* b2Joint.cpp */ = {isa = PBXFileReference; explicitFileType = sourcecode.cpp.cpp; fileEncoding = 30; name = b2Joint.cpp; path = ../../../addons/ofxLiquidFun/libs/Box2D/Dynamics/Joints/b2Joint.cpp; sourceTree = SOURCE_ROOT; };
		8E898A6CE8D5E03AC5BE8A92 /* b2PolygonShape.h */ = {isa = PBXFileReference; explicitFileType = sourcecode.c.h; fileEncoding = 30; name = b2PolygonShape.h; path = ../../../addons/ofxLiquidFun/libs/Box2D/Collision/Shapes/b2PolygonShape.h; sourceTree = SOURCE_ROOT; };
		8F7D91E6C1D0A50F2EEEF8D6 /* ofxBox2dBaseShape.h */ = {isa = PBXFileReference; explicitFileType = sourcecode.c.h; fileEncoding = 30; name = ofxBox2dBaseShape.h; path = ../../../addons/ofxLiquidFun/src/ofxBox2dBaseShape.h; sourceTree = SOURCE_ROOT; };
		959A8ED752EE138270517962 /* b2GearJoint.cpp */ = {isa = PBXFileReference; explicitFileType = sourcecode.cpp.cpp; fileEncoding = 30; name = b2GearJoint.cpp; path = ../../../addons/ofxLiquidFun/libs/Box2D/Dynamics/Joints/b2GearJoint.cpp; sourceTree = SOURCE_ROOT; };
		99A020451B526122BD37D312 /* b2Shape.h */ = {isa = PBXFileReference; explicitFileType = sourcecode.c.h; fileEncoding = 30; name = b2Shape.h; path = ../../../addons/ofxLiquidFun/libs/Box2D/Collision/Shapes/b2Shape.h; sourceTree = SOURCE_ROOT; };
		9B00AC12EF1E037DB40F8E24 /* b2Rope.h */ = {isa = PBXFileReference; explicitFileType = sourcecode.c.h; fileEncoding = 30; name = b2Rope.h; path = ../../../addons/ofxLiquidFun/libs/Box2D/Rope/b2Rope.h; sourceTree = SOURCE_ROOT; };
		9B2524F42A6017BD45D8CD0A /* b2RevoluteJoint.cpp */ = {isa = PBXFileReference; explicitFileType = sourcecode.cpp.cpp; fileEncoding = 30; name = b2RevoluteJoint.cpp; path = ../../../addons/ofxLiquidFun/libs/Box2D/Dynamics/Joints/b2RevoluteJoint.cpp; sourceTree = SOURCE_ROOT; };
		9BB28A61A63A5A1D4A85114C /* b2Island.cpp */ = {isa = PBXFileReference; explicitFileType = sourcecode.cpp.cpp; fileEncoding = 30; name = b2Island.cpp; path = ../../../addons/ofxLiquidFun/libs/Box2D/Dynamics/b2Island.cpp; sourceTree = SOURCE_ROOT; };
		9BF9813832A39DF627AC1AF6 /* b2Fixture.cpp */ = {isa = PBXFileReference; explicitFileType = sourcecode.cpp.cpp; fileEncoding = 30; name = b2Fixture.cpp; path = ../../../addons/ofxLiquidFun/libs/Box2D/Dynamics/b2Fixture.cpp; sourceTree = SOURCE_ROOT; };
		9C3B9BA88155A1EFF1082697 /* b2ParticleGroup.h */ = {isa = PBXFileReference; explicitFileType = sourcecode.c.h; fileEncoding = 30; name = b2ParticleGroup.h; path = ../../../addons/ofxLiquidFun/libs/Box2D/Particle/b2ParticleGroup.h; sourceTree = SOURCE_ROOT; };
		9D490C6D6B909B0A6D418F85 /* b2WheelJoint.cpp */ = {isa = PBXFileReference; explicitFileType = sourcecode.cpp.cpp; fileEncoding = 30; name = b2WheelJoint.cpp; path = ../../../addons/ofxLiquidFun/libs/Box2D/Dynamics/Joints/b2WheelJoint.cpp; sourceTree = SOURCE_ROOT; };
		9F4003F4C9A1A334C1C20B22 /* b2PrismaticJoint.h */ = {isa = PBXFileReference; explicitFileType = sourcecode.c.h; fileEncoding = 30; name = b2PrismaticJoint.h; path = ../../../addons/ofxLiquidFun/libs/Box2D/Dynamics/Joints/b2PrismaticJoint.h; sourceTree = SOURCE_ROOT; };
		9FF6CA47D39B4F848C497092 /* b2Timer.cpp */ = {isa = PBXFileReference; explicitFileType = sourcecode.cpp.cpp; fileEncoding = 30; name = b2Timer.cpp; path = ../../../addons/ofxLiquidFun/libs/Box2D/Common/b2Timer.cpp; sourceTree = SOURCE_ROOT; };
		A0AB6F894B7B47CE3D8D1782 /* b2Collision.cpp */ = {isa = PBXFileReference; explicitFileType = sourcecode.cpp.cpp; fileEncoding = 30; name = b2Collision.cpp; path = ../../../addons/ofxLiquidFun/libs/Box2D/Collision/b2Collision.cpp; sourceTree = SOURCE_ROOT; };
		A47F3891070B93763C21F7C0 /* b2EdgeShape.h */ = {isa = PBXFileReference; explicitFileType = sourcecode.c.h; fileEncoding = 30; name = b2EdgeShape.h; path = ../../../addons/ofxLiquidFun/libs/Box2D/Collision/Shapes/b2EdgeShape.h; sourceTree = SOURCE_ROOT; };
		A7D31BD6350F68A08851CD97 /* b2BlockAllocator.cpp */ = {isa = PBXFileReference; explicitFileType = sourcecode.cpp.cpp; fileEncoding = 30; name = b2BlockAllocator.cpp; path = ../../../addons/ofxLiquidFun/libs/Box2D/Common/b2BlockAllocator.cpp; sourceTree = SOURCE_ROOT; };
		A91048F2958D13C16C9318E8 /* b2ContactManager.cpp */ = {isa = PBXFileReference; explicitFileType = sourcecode.cpp.cpp; fileEncoding = 30; name = b2ContactManager.cpp; path = ../../../addons/ofxLiquidFun/libs/Box2D/Dynamics/b2ContactManager.cpp; sourceTree = SOURCE_ROOT; };
		A9E4618F6B72CFC9892BA840 /* b2PulleyJoint.cpp */ = {isa = PBXFileReference; explicitFileType = sourcecode.cpp.cpp; fileEncoding = 30; name = b2PulleyJoint.cpp; path = ../../../addons/ofxLiquidFun/libs/Box2D/Dynamics/Joints/b2PulleyJoint.cpp; sourceTree = SOURCE_ROOT; };
		AAED7044735182EF138A8C10 /* b2VoronoiDiagram.h */ = {isa = PBXFileReference; explicitFileType = sourcecode.c.h; fileEncoding = 30; name = b2VoronoiDiagram.h; path = ../../../addons/ofxLiquidFun/libs/Box2D/Particle/b2VoronoiDiagram.h; sourceTree = SOURCE_ROOT; };
		AC10B1BD9511CF1CB323B25D /* b2Body.h */ = {isa = PBXFileReference; explicitFileType = sourcecode.c.h; fileEncoding = 30; name = b2Body.h; path = ../../../addons/ofxLiquidFun/libs/Box2D/Dynamics/b2Body.h; sourceTree = SOURCE_ROOT; };
		B275580A0DEBB453047AC5E7 /* ofxBox2dJoint.h */ = {isa = PBXFileReference; explicitFileType = sourcecode.c.h; fileEncoding = 30; name = ofxBox2dJoint.h; path = ../../../addons/ofxLiquidFun/src/ofxBox2dJoint.h; sourceTree = SOURCE_ROOT; };
		B3F33147DD7EADA72B0E14C6 /* b2TrackedBlock.cpp */ = {isa = PBXFileReference; explicitFileType = sourcecode.cpp.cpp; fileEncoding = 30; name = b2TrackedBlock.cpp; path = ../../../addons/ofxLiquidFun/libs/Box2D/Common/b2TrackedBlock.cpp; sourceTree = SOURCE_ROOT; };
		B431E9E7F8008EED17023DF3 /* b2WeldJoint.cpp */ = {isa = PBXFileReference; explicitFileType = sourcecode.cpp.cpp; fileEncoding = 30; name = b2WeldJoint.cpp; path = ../../../addons/ofxLiquidFun/libs/Box2D/Dynamics/Joints/b2WeldJoint.cpp; sourceTree = SOURCE_ROOT; };
		B47A8767EB9E02E1F5FA11CA /* b2VoronoiDiagram.cpp */ = {isa = PBXFileReference; explicitFileType = sourcecode.cpp.cpp; fileEncoding = 30; name = b2VoronoiDiagram.cpp; path = ../../../addons/ofxLiquidFun/libs/Box2D/Particle/b2VoronoiDiagram.cpp; sourceTree = SOURCE_ROOT; };
		B678094A3063DF6F41F12CCB /* b2RopeJoint.h */ = {isa = PBXFileReference; explicitFileType = sourcecode.c.h; fileEncoding = 30; name = b2RopeJoint.h; path = ../../../addons/ofxLiquidFun/libs/Box2D/Dynamics/Joints/b2RopeJoint.h; sourceTree = SOURCE_ROOT; };
		B807D9F9F827853C14591618 /* b2CollideCircle.cpp */ = {isa = PBXFileReference; explicitFileType = sourcecode.cpp.cpp; fileEncoding = 30; name = b2CollideCircle.cpp; path = ../../../addons/ofxLiquidFun/libs/Box2D/Collision/b2CollideCircle.cpp; sourceTree = SOURCE_ROOT; };
		BB644064DB39B263E7BCE7E6 /* b2BroadPhase.h */ = {isa = PBXFileReference; explicitFileType = sourcecode.c.h; fileEncoding = 30; name = b2BroadPhase.h; path = ../../../addons/ofxLiquidFun/libs/Box2D/Collision/b2BroadPhase.h; sourceTree = SOURCE_ROOT; };
		BBAB23BE13894E4700AA2426 /* GLUT.framework */ = {isa = PBXFileReference; lastKnownFileType = wrapper.framework; name = GLUT.framework; path = ../../../libs/glut/lib/osx/GLUT.framework; sourceTree = "<group>"; };
		BEB021F1F92E6E734BB409A2 /* b2StackAllocator.cpp */ = {isa = PBXFileReference; explicitFileType = sourcecode.cpp.cpp; fileEncoding = 30; name = b2StackAllocator.cpp; path = ../../../addons/ofxLiquidFun/libs/Box2D/Common/b2StackAllocator.cpp; sourceTree = SOURCE_ROOT; };
		BF85CBDEA83E69E3C0C7B0F8 /* ofxBox2dEdge.h */ = {isa = PBXFileReference; explicitFileType = sourcecode.c.h; fileEncoding = 30; name = ofxBox2dEdge.h; path = ../../../addons/ofxLiquidFun/src/ofxBox2dEdge.h; sourceTree = SOURCE_ROOT; };
		C090D9C89167F60F841E6830 /* b2MotorJoint.h */ = {isa = PBXFileReference; explicitFileType = sourcecode.c.h; fileEncoding = 30; name = b2MotorJoint.h; path = ../../../addons/ofxLiquidFun/libs/Box2D/Dynamics/Joints/b2MotorJoint.h; sourceTree = SOURCE_ROOT; };
		C4B259A605224313887E1F61 /* b2Body.cpp */ = {isa = PBXFileReference; explicitFileType = sourcecode.cpp.cpp; fileEncoding = 30; name = b2Body.cpp; path = ../../../addons/ofxLiquidFun/libs/Box2D/Dynamics/b2Body.cpp; sourceTree = SOURCE_ROOT; };
		C4D590E2D546903C1E3BAB48 /* b2DistanceJoint.cpp */ = {isa = PBXFileReference; explicitFileType = sourcecode.cpp.cpp; fileEncoding = 30; name = b2DistanceJoint.cpp; path = ../../../addons/ofxLiquidFun/libs/Box2D/Dynamics/Joints/b2DistanceJoint.cpp; sourceTree = SOURCE_ROOT; };
		C832876EEA392AEFE722F5C6 /* b2PolygonAndCircleContact.h */ = {isa = PBXFileReference; explicitFileType = sourcecode.c.h; fileEncoding = 30; name = b2PolygonAndCircleContact.h; path = ../../../addons/ofxLiquidFun/libs/Box2D/Dynamics/Contacts/b2PolygonAndCircleContact.h; sourceTree = SOURCE_ROOT; };
		C917BCE6EC7CF9A4F0BB7E29 /* ofxBox2dCircle.h */ = {isa = PBXFileReference; explicitFileType = sourcecode.c.h; fileEncoding = 30; name = ofxBox2dCircle.h; path = ../../../addons/ofxLiquidFun/src/ofxBox2dCircle.h; sourceTree = SOURCE_ROOT; };
		CC8367A9A0B4DE52A28366D6 /* b2FreeList.cpp */ = {isa = PBXFileReference; explicitFileType = sourcecode.cpp.cpp; fileEncoding = 30; name = b2FreeList.cpp; path = ../../../addons/ofxLiquidFun/libs/Box2D/Common/b2FreeList.cpp; sourceTree = SOURCE_ROOT; };
		CD5FE0ECCE12770E2C979C41 /* b2CircleContact.h */ = {isa = PBXFileReference; explicitFileType = sourcecode.c.h; fileEncoding = 30; name = b2CircleContact.h; path = ../../../addons/ofxLiquidFun/libs/Box2D/Dynamics/Contacts/b2CircleContact.h; sourceTree = SOURCE_ROOT; };
		D0EEEF732FED40A83843C5A6 /* ofxBox2dContactListener.h */ = {isa = PBXFileReference; explicitFileType = sourcecode.c.h; fileEncoding = 30; name = ofxBox2dContactListener.h; path = ../../../addons/ofxLiquidFun/src/ofxBox2dContactListener.h; sourceTree = SOURCE_ROOT; };
		D12718CF0D86D6F996AB7E85 /* b2Timer.h */ = {isa = PBXFileReference; explicitFileType = sourcecode.c.h; fileEncoding = 30; name = b2Timer.h; path = ../../../addons/ofxLiquidFun/libs/Box2D/Common/b2Timer.h; sourceTree = SOURCE_ROOT; };
		D264C2ACDD25E897684F3F4A /* b2FrictionJoint.h */ = {isa = PBXFileReference; explicitFileType = sourcecode.c.h; fileEncoding = 30; name = b2FrictionJoint.h; path = ../../../addons/ofxLiquidFun/libs/Box2D/Dynamics/Joints/b2FrictionJoint.h; sourceTree = SOURCE_ROOT; };
		D2CBC7E2CA2B0A7F1ABFF549 /* b2StackAllocator.h */ = {isa = PBXFileReference; explicitFileType = sourcecode.c.h; fileEncoding = 30; name = b2StackAllocator.h; path = ../../../addons/ofxLiquidFun/libs/Box2D/Common/b2StackAllocator.h; sourceTree = SOURCE_ROOT; };
		D69EEDD422CB44550490C07E /* triangle_impl.hpp */ = {isa = PBXFileReference; explicitFileType = sourcecode.c.h; fileEncoding = 30; name = triangle_impl.hpp; path = ../../../addons/ofxLiquidFun/libs/triangle/triangle_impl.hpp; sourceTree = SOURCE_ROOT; };
		D71CD998D9329FC3AD3AFA3E /* b2ContactSolver.h */ = {isa = PBXFileReference; explicitFileType = sourcecode.c.h; fileEncoding = 30; name = b2ContactSolver.h; path = ../../../addons/ofxLiquidFun/libs/Box2D/Dynamics/Contacts/b2ContactSolver.h; sourceTree = SOURCE_ROOT; };
		D7E3A77FD90B912618E2ED24 /* b2FreeList.h */ = {isa = PBXFileReference; explicitFileType = sourcecode.c.h; fileEncoding = 30; name = b2FreeList.h; path = ../../../addons/ofxLiquidFun/libs/Box2D/Common/b2FreeList.h; sourceTree = SOURCE_ROOT; };
		D8CD810734AC617189BB36CF /* b2Settings.cpp */ = {isa = PBXFileReference; explicitFileType = sourcecode.cpp.cpp; fileEncoding = 30; name = b2Settings.cpp; path = ../../../addons/ofxLiquidFun/libs/Box2D/Common/b2Settings.cpp; sourceTree = SOURCE_ROOT; };
		DA60FE786380E662A73BD486 /* b2ParticleAssembly.h */ = {isa = PBXFileReference; explicitFileType = sourcecode.c.h; fileEncoding = 30; name = b2ParticleAssembly.h; path = ../../../addons/ofxLiquidFun/libs/Box2D/Particle/b2ParticleAssembly.h; sourceTree = SOURCE_ROOT; };
		DEB9567092083B5760FEA90E /* b2PulleyJoint.h */ = {isa = PBXFileReference; explicitFileType = sourcecode.c.h; fileEncoding = 30; name = b2PulleyJoint.h; path = ../../../addons/ofxLiquidFun/libs/Box2D/Dynamics/Joints/b2PulleyJoint.h; sourceTree = SOURCE_ROOT; };
		DF0C7B74CA21E3F3C01B16A2 /* b2ChainAndCircleContact.cpp */ = {isa = PBXFileReference; explicitFileType = sourcecode.cpp.cpp; fileEncoding = 30; name = b2ChainAndCircleContact.cpp; path = ../../../addons/ofxLiquidFun/libs/Box2D/Dynamics/Contacts/b2ChainAndCircleContact.cpp; sourceTree = SOURCE_ROOT; };
		DF43BBEB1B13A64F8F77489A /* b2Particle.h */ = {isa = PBXFileReference; explicitFileType = sourcecode.c.h; fileEncoding = 30; name = b2Particle.h; path = ../../../addons/ofxLiquidFun/libs/Box2D/Particle/b2Particle.h; sourceTree = SOURCE_ROOT; };
		DF7399007CFE57859FC7A9C4 /* b2World.h */ = {isa = PBXFileReference; explicitFileType = sourcecode.c.h; fileEncoding = 30; name = b2World.h; path = ../../../addons/ofxLiquidFun/libs/Box2D/Dynamics/b2World.h; sourceTree = SOURCE_ROOT; };
		DF987F4E8870A80987CF5B73 /* b2Contact.cpp */ = {isa = PBXFileReference; explicitFileType = sourcecode.cpp.cpp; fileEncoding = 30; name = b2Contact.cpp; path = ../../../addons/ofxLiquidFun/libs/Box2D/Dynamics/Contacts/b2Contact.cpp; sourceTree = SOURCE_ROOT; };
		E41F58D54214357CB2235D26 /* b2ParticleSystem.h */ = {isa = PBXFileReference; explicitFileType = sourcecode.c.h; fileEncoding = 30; name = b2ParticleSystem.h; path = ../../../addons/ofxLiquidFun/libs/Box2D/Particle/b2ParticleSystem.h; sourceTree = SOURCE_ROOT; };
		E4328143138ABC890047C5CB /* openFrameworksLib.xcodeproj */ = {isa = PBXFileReference; lastKnownFileType = "wrapper.pb-project"; name = openFrameworksLib.xcodeproj; path = ../../../libs/openFrameworksCompiled/project/osx/openFrameworksLib.xcodeproj; sourceTree = SOURCE_ROOT; };
		E45BE9710E8CC7DD009D7055 /* AGL.framework */ = {isa = PBXFileReference; lastKnownFileType = wrapper.framework; name = AGL.framework; path = /System/Library/Frameworks/AGL.framework; sourceTree = "<absolute>"; };
		E45BE9720E8CC7DD009D7055 /* ApplicationServices.framework */ = {isa = PBXFileReference; lastKnownFileType = wrapper.framework; name = ApplicationServices.framework; path = /System/Library/Frameworks/ApplicationServices.framework; sourceTree = "<absolute>"; };
		E45BE9730E8CC7DD009D7055 /* AudioToolbox.framework */ = {isa = PBXFileReference; lastKnownFileType = wrapper.framework; name = AudioToolbox.framework; path = /System/Library/Frameworks/AudioToolbox.framework; sourceTree = "<absolute>"; };
		E45BE9750E8CC7DD009D7055 /* CoreAudio.framework */ = {isa = PBXFileReference; lastKnownFileType = wrapper.framework; name = CoreAudio.framework; path = /System/Library/Frameworks/CoreAudio.framework; sourceTree = "<absolute>"; };
		E45BE9760E8CC7DD009D7055 /* CoreFoundation.framework */ = {isa = PBXFileReference; lastKnownFileType = wrapper.framework; name = CoreFoundation.framework; path = /System/Library/Frameworks/CoreFoundation.framework; sourceTree = "<absolute>"; };
		E45BE9770E8CC7DD009D7055 /* CoreServices.framework */ = {isa = PBXFileReference; lastKnownFileType = wrapper.framework; name = CoreServices.framework; path = /System/Library/Frameworks/CoreServices.framework; sourceTree = "<absolute>"; };
		E45BE9790E8CC7DD009D7055 /* OpenGL.framework */ = {isa = PBXFileReference; lastKnownFileType = wrapper.framework; name = OpenGL.framework; path = /System/Library/Frameworks/OpenGL.framework; sourceTree = "<absolute>"; };
		E45BE97A0E8CC7DD009D7055 /* QuickTime.framework */ = {isa = PBXFileReference; lastKnownFileType = wrapper.framework; name = QuickTime.framework; path = /System/Library/Frameworks/QuickTime.framework; sourceTree = "<absolute>"; };
		E4B69B5B0A3A1756003C02F2 /* exampleDebug.app */ = {isa = PBXFileReference; explicitFileType = wrapper.application; includeInIndex = 0; path = exampleDebug.app; sourceTree = BUILT_PRODUCTS_DIR; };
		E4B69E1D0A3A1BDC003C02F2 /* main.cpp */ = {isa = PBXFileReference; fileEncoding = 30; lastKnownFileType = sourcecode.cpp.cpp; name = main.cpp; path = src/main.cpp; sourceTree = SOURCE_ROOT; };
		E4B69E1E0A3A1BDC003C02F2 /* ofApp.cpp */ = {isa = PBXFileReference; explicitFileType = sourcecode.cpp.cpp; fileEncoding = 30; name = ofApp.cpp; path = src/ofApp.cpp; sourceTree = SOURCE_ROOT; };
		E4B69E1F0A3A1BDC003C02F2 /* ofApp.h */ = {isa = PBXFileReference; fileEncoding = 30; lastKnownFileType = sourcecode.c.h; name = ofApp.h; path = src/ofApp.h; sourceTree = SOURCE_ROOT; };
		E4B6FCAD0C3E899E008CF71C /* openFrameworks-Info.plist */ = {isa = PBXFileReference; fileEncoding = 30; lastKnownFileType = text.plist.xml; path = "openFrameworks-Info.plist"; sourceTree = "<group>"; };
		E4C2424410CC5A17004149E2 /* AppKit.framework */ = {isa = PBXFileReference; lastKnownFileType = wrapper.framework; name = AppKit.framework; path = /System/Library/Frameworks/AppKit.framework; sourceTree = "<absolute>"; };
		E4C2424510CC5A17004149E2 /* Cocoa.framework */ = {isa = PBXFileReference; lastKnownFileType = wrapper.framework; name = Cocoa.framework; path = /System/Library/Frameworks/Cocoa.framework; sourceTree = "<absolute>"; };
		E4C2424610CC5A17004149E2 /* IOKit.framework */ = {isa = PBXFileReference; lastKnownFileType = wrapper.framework; name = IOKit.framework; path = /System/Library/Frameworks/IOKit.framework; sourceTree = "<absolute>"; };
		E4EB691F138AFCF100A09F29 /* CoreOF.xcconfig */ = {isa = PBXFileReference; fileEncoding = 4; lastKnownFileType = text.xcconfig; name = CoreOF.xcconfig; path = ../../../libs/openFrameworksCompiled/project/osx/CoreOF.xcconfig; sourceTree = SOURCE_ROOT; };
		E4EB6923138AFD0F00A09F29 /* Project.xcconfig */ = {isa = PBXFileReference; fileEncoding = 4; lastKnownFileType = text.xcconfig; path = Project.xcconfig; sourceTree = "<group>"; };
		E7E077E415D3B63C0020DFD4 /* CoreVideo.framework */ = {isa = PBXFileReference; lastKnownFileType = wrapper.framework; name = CoreVideo.framework; path = /System/Library/Frameworks/CoreVideo.framework; sourceTree = "<absolute>"; };
		E7E077E715D3B6510020DFD4 /* QTKit.framework */ = {isa = PBXFileReference; lastKnownFileType = wrapper.framework; name = QTKit.framework; path = /System/Library/Frameworks/QTKit.framework; sourceTree = "<absolute>"; };
		E7F985F515E0DE99003869B5 /* Accelerate.framework */ = {isa = PBXFileReference; lastKnownFileType = wrapper.framework; name = Accelerate.framework; path = /System/Library/Frameworks/Accelerate.framework; sourceTree = "<absolute>"; };
		E9AA0B86DA28A2146E5EC5CB /* b2Distance.cpp */ = {isa = PBXFileReference; explicitFileType = sourcecode.cpp.cpp; fileEncoding = 30; name = b2Distance.cpp; path = ../../../addons/ofxLiquidFun/libs/Box2D/Collision/b2Distance.cpp; sourceTree = SOURCE_ROOT; };
		EA7E326BE942859474CAC949 /* b2PrismaticJoint.cpp */ = {isa = PBXFileReference; explicitFileType = sourcecode.cpp.cpp; fileEncoding = 30; name = b2PrismaticJoint.cpp; path = ../../../addons/ofxLiquidFun/libs/Box2D/Dynamics/Joints/b2PrismaticJoint.cpp; sourceTree = SOURCE_ROOT; };
		ED304DDB3E041B23D722041E /* b2FrictionJoint.cpp */ = {isa = PBXFileReference; explicitFileType = sourcecode.cpp.cpp; fileEncoding = 30; name = b2FrictionJoint.cpp; path = ../../../addons/ofxLiquidFun/libs/Box2D/Dynamics/Joints/b2FrictionJoint.cpp; sourceTree = SOURCE_ROOT; };
		EF9F283363F88D032F8B7AF6 /* b2ContactSolver.cpp */ = {isa = PBXFileReference; explicitFileType = sourcecode.cpp.cpp; fileEncoding = 30; name = b2ContactSolver.cpp; path = ../../../addons/ofxLiquidFun/libs/Box2D/Dynamics/Contacts/b2ContactSolver.cpp; sourceTree = SOURCE_ROOT; };
		EFE46FCE2DE2E6613B8C0989 /* ofxBox2dRect.h */ = {isa = PBXFileReference; explicitFileType = sourcecode.c.h; fileEncoding = 30; name = ofxBox2dRect.h; path = ../../../addons/ofxLiquidFun/src/ofxBox2dRect.h; sourceTree = SOURCE_ROOT; };
		F00DF1D4341C18D9567688DF /* ofxBox2dParticleSystem.h */ = {isa = PBXFileReference; explicitFileType = sourcecode.c.h; fileEncoding = 30; name = ofxBox2dParticleSystem.h; path = ../../../addons/ofxLiquidFun/src/ofxBox2dParticleSystem.h; sourceTree = SOURCE_ROOT; };
		F1325975A2867C7088859835 /* b2WorldCallbacks.cpp */ = {isa = PBXFileReference; explicitFileType = sourcecode.cpp.cpp; fileEncoding = 30; name = b2WorldCallbacks.cpp; path = ../../../addons/ofxLiquidFun/libs/Box2D/Dynamics/b2WorldCallbacks.cpp; sourceTree = SOURCE_ROOT; };
		F35100E0F0E24992DC3E2BB5 /* b2EdgeShape.cpp */ = {isa = PBXFileReference; explicitFileType = sourcecode.cpp.cpp; fileEncoding = 30; name = b2EdgeShape.cpp; path = ../../../addons/ofxLiquidFun/libs/Box2D/Collision/Shapes/b2EdgeShape.cpp; sourceTree = SOURCE_ROOT; };
		F39FC388F7A908D23B2FE216 /* b2Rope.cpp */ = {isa = PBXFileReference; explicitFileType = sourcecode.cpp.cpp; fileEncoding = 30; name = b2Rope.cpp; path = ../../../addons/ofxLiquidFun/libs/Box2D/Rope/b2Rope.cpp; sourceTree = SOURCE_ROOT; };
		F43109BFCDE8CFC6FBD49173 /* b2GrowableBuffer.h */ = {isa = PBXFileReference; explicitFileType = sourcecode.c.h; fileEncoding = 30; name = b2GrowableBuffer.h; path = ../../../addons/ofxLiquidFun/libs/Box2D/Common/b2GrowableBuffer.h; sourceTree = SOURCE_ROOT; };
		F531CAC5B6483B4596C50946 /* b2PolygonAndCircleContact.cpp */ = {isa = PBXFileReference; explicitFileType = sourcecode.cpp.cpp; fileEncoding = 30; name = b2PolygonAndCircleContact.cpp; path = ../../../addons/ofxLiquidFun/libs/Box2D/Dynamics/Contacts/b2PolygonAndCircleContact.cpp; sourceTree = SOURCE_ROOT; };
		F7D4AA3416B8E200813F17A3 /* b2Draw.h */ = {isa = PBXFileReference; explicitFileType = sourcecode.c.h; fileEncoding = 30; name = b2Draw.h; path = ../../../addons/ofxLiquidFun/libs/Box2D/Common/b2Draw.h; sourceTree = SOURCE_ROOT; };
		F8B50901E96049FCFBA6043E /* b2CircleShape.cpp */ = {isa = PBXFileReference; explicitFileType = sourcecode.cpp.cpp; fileEncoding = 30; name = b2CircleShape.cpp; path = ../../../addons/ofxLiquidFun/libs/Box2D/Collision/Shapes/b2CircleShape.cpp; sourceTree = SOURCE_ROOT; };
		FA3C975BF61DA2D55716B377 /* b2ChainAndCircleContact.h */ = {isa = PBXFileReference; explicitFileType = sourcecode.c.h; fileEncoding = 30; name = b2ChainAndCircleContact.h; path = ../../../addons/ofxLiquidFun/libs/Box2D/Dynamics/Contacts/b2ChainAndCircleContact.h; sourceTree = SOURCE_ROOT; };
		FC26DF6A7654DDA484A53922 /* b2ChainAndPolygonContact.h */ = {isa = PBXFileReference; explicitFileType = sourcecode.c.h; fileEncoding = 30; name = b2ChainAndPolygonContact.h; path = ../../../addons/ofxLiquidFun/libs/Box2D/Dynamics/Contacts/b2ChainAndPolygonContact.h; sourceTree = SOURCE_ROOT; };
		FF74364ECFD053959A0EEE5A /* b2Math.h */ = {isa = PBXFileReference; explicitFileType = sourcecode.c.h; fileEncoding = 30; name = b2Math.h; path = ../../../addons/ofxLiquidFun/libs/Box2D/Common/b2Math.h; sourceTree = SOURCE_ROOT; };
		FFD8AF1FF70280210944CD2C /* b2Stat.h */ = {isa = PBXFileReference; explicitFileType = sourcecode.c.h; fileEncoding = 30; name = b2Stat.h; path = ../../../addons/ofxLiquidFun/libs/Box2D/Common/b2Stat.h; sourceTree = SOURCE_ROOT; };
/* End PBXFileReference section */

/* Begin PBXFrameworksBuildPhase section */
		E4B69B590A3A1756003C02F2 /* Frameworks */ = {
			isa = PBXFrameworksBuildPhase;
			buildActionMask = 2147483647;
			files = (
				E7F985F815E0DEA3003869B5 /* Accelerate.framework in Frameworks */,
				E7E077E815D3B6510020DFD4 /* QTKit.framework in Frameworks */,
				E4EB6799138ADC1D00A09F29 /* GLUT.framework in Frameworks */,
				E4328149138ABC9F0047C5CB /* openFrameworksDebug.a in Frameworks */,
				E45BE97B0E8CC7DD009D7055 /* AGL.framework in Frameworks */,
				E45BE97C0E8CC7DD009D7055 /* ApplicationServices.framework in Frameworks */,
				E45BE97D0E8CC7DD009D7055 /* AudioToolbox.framework in Frameworks */,
				E45BE97F0E8CC7DD009D7055 /* CoreAudio.framework in Frameworks */,
				E45BE9800E8CC7DD009D7055 /* CoreFoundation.framework in Frameworks */,
				E45BE9810E8CC7DD009D7055 /* CoreServices.framework in Frameworks */,
				E45BE9830E8CC7DD009D7055 /* OpenGL.framework in Frameworks */,
				E45BE9840E8CC7DD009D7055 /* QuickTime.framework in Frameworks */,
				E4C2424710CC5A17004149E2 /* AppKit.framework in Frameworks */,
				E4C2424810CC5A17004149E2 /* Cocoa.framework in Frameworks */,
				E4C2424910CC5A17004149E2 /* IOKit.framework in Frameworks */,
				E7E077E515D3B63C0020DFD4 /* CoreVideo.framework in Frameworks */,
			);
			runOnlyForDeploymentPostprocessing = 0;
		};
/* End PBXFrameworksBuildPhase section */

/* Begin PBXGroup section */
		29B4BDA989820560487D7869 /* Common */ = {
			isa = PBXGroup;
			children = (
				A7D31BD6350F68A08851CD97 /* b2BlockAllocator.cpp */,
				4A020350D99BFF434210ECF8 /* b2BlockAllocator.h */,
				524719D2C0739781C5FBDB6A /* b2Draw.cpp */,
				F7D4AA3416B8E200813F17A3 /* b2Draw.h */,
				CC8367A9A0B4DE52A28366D6 /* b2FreeList.cpp */,
				D7E3A77FD90B912618E2ED24 /* b2FreeList.h */,
				F43109BFCDE8CFC6FBD49173 /* b2GrowableBuffer.h */,
				62A32CE466B198E676C13D8D /* b2GrowableStack.h */,
				1F14A23F47351F5EFB5D07B3 /* b2IntrusiveList.h */,
				5C0483B6F7B4740C77611766 /* b2Math.cpp */,
				FF74364ECFD053959A0EEE5A /* b2Math.h */,
				D8CD810734AC617189BB36CF /* b2Settings.cpp */,
				0BE97B413EDF87CBEBF60578 /* b2Settings.h */,
				7797DDE01ACAE821BC7E6973 /* b2SlabAllocator.h */,
				BEB021F1F92E6E734BB409A2 /* b2StackAllocator.cpp */,
				D2CBC7E2CA2B0A7F1ABFF549 /* b2StackAllocator.h */,
				85025E2A7A6FAB0C5A8E9937 /* b2Stat.cpp */,
				FFD8AF1FF70280210944CD2C /* b2Stat.h */,
				9FF6CA47D39B4F848C497092 /* b2Timer.cpp */,
				D12718CF0D86D6F996AB7E85 /* b2Timer.h */,
				B3F33147DD7EADA72B0E14C6 /* b2TrackedBlock.cpp */,
				8ACD88B7932EF60A81B535F3 /* b2TrackedBlock.h */,
			);
			name = Common;
			sourceTree = "<group>";
		};
		37E9EEC28E227823605F4395 /* Dynamics */ = {
			isa = PBXGroup;
			children = (
				C4B259A605224313887E1F61 /* b2Body.cpp */,
				AC10B1BD9511CF1CB323B25D /* b2Body.h */,
				A91048F2958D13C16C9318E8 /* b2ContactManager.cpp */,
				6E42D1545C05DC5969830FA7 /* b2ContactManager.h */,
				9BF9813832A39DF627AC1AF6 /* b2Fixture.cpp */,
				796A8CF08F426D78B85A26DA /* b2Fixture.h */,
				9BB28A61A63A5A1D4A85114C /* b2Island.cpp */,
				658E849B1BF88412C8ED4ABF /* b2Island.h */,
				76BB8994C3B8A22D06F5D756 /* b2TimeStep.h */,
				6AB594F9DCA57F98719FC0F4 /* b2World.cpp */,
				DF7399007CFE57859FC7A9C4 /* b2World.h */,
				F1325975A2867C7088859835 /* b2WorldCallbacks.cpp */,
				6E6663A9916623069BB41749 /* b2WorldCallbacks.h */,
				EF804667D569B522ED082100 /* Contacts */,
				95220140ADE5031A143D183B /* Joints */,
			);
			name = Dynamics;
			sourceTree = "<group>";
		};
		3E18081584981718AE343090 /* Particle */ = {
			isa = PBXGroup;
			children = (
				1185BC900175438AC80FC7F5 /* b2Particle.cpp */,
				DF43BBEB1B13A64F8F77489A /* b2Particle.h */,
				3C10C48B1E9A15223A02411C /* b2ParticleAssembly.cpp */,
				DA60FE786380E662A73BD486 /* b2ParticleAssembly.h */,
				04431838FB93AD18982CCC0A /* b2ParticleGroup.cpp */,
				9C3B9BA88155A1EFF1082697 /* b2ParticleGroup.h */,
				8A54FB7C10AB2691B92EB60B /* b2ParticleSystem.cpp */,
				E41F58D54214357CB2235D26 /* b2ParticleSystem.h */,
				413D610C698B244B80F30B41 /* b2StackQueue.h */,
				B47A8767EB9E02E1F5FA11CA /* b2VoronoiDiagram.cpp */,
				AAED7044735182EF138A8C10 /* b2VoronoiDiagram.h */,
			);
			name = Particle;
			sourceTree = "<group>";
		};
		5AA1273E7A14B67138359AB8 /* triangle */ = {
			isa = PBXGroup;
			children = (
				016644F27ED407F86AFEE3FF /* assert.hpp */,
				7DF675A00ECFBF83B613003D /* del_impl.cpp */,
				271AF74D7380F148BDDFF40E /* del_interface.hpp */,
				71165AEA4999A7487A0D4AC8 /* dpoint.hpp */,
				11AB92BA5A01947BD5C8AFD2 /* triangle.h */,
				D69EEDD422CB44550490C07E /* triangle_impl.hpp */,
			);
			name = triangle;
			sourceTree = "<group>";
		};
		65E6493716DF50BEBF4C040A /* Rope */ = {
			isa = PBXGroup;
			children = (
				F39FC388F7A908D23B2FE216 /* b2Rope.cpp */,
				9B00AC12EF1E037DB40F8E24 /* b2Rope.h */,
			);
			name = Rope;
			sourceTree = "<group>";
		};
		72F611B289F7D66925020CE6 /* Shapes */ = {
			isa = PBXGroup;
			children = (
				0E52E6BAAF72BF7CDFDF5F9C /* b2ChainShape.cpp */,
				28F4383510244B2710239DDF /* b2ChainShape.h */,
				F8B50901E96049FCFBA6043E /* b2CircleShape.cpp */,
				27379686F7E144D6AE4D9A39 /* b2CircleShape.h */,
				F35100E0F0E24992DC3E2BB5 /* b2EdgeShape.cpp */,
				A47F3891070B93763C21F7C0 /* b2EdgeShape.h */,
				39062D5B674FF307E203AD78 /* b2PolygonShape.cpp */,
				8E898A6CE8D5E03AC5BE8A92 /* b2PolygonShape.h */,
				99A020451B526122BD37D312 /* b2Shape.h */,
			);
			name = Shapes;
			sourceTree = "<group>";
		};
		95220140ADE5031A143D183B /* Joints */ = {
			isa = PBXGroup;
			children = (
				C4D590E2D546903C1E3BAB48 /* b2DistanceJoint.cpp */,
				839172CB30F52544CCB615E8 /* b2DistanceJoint.h */,
				ED304DDB3E041B23D722041E /* b2FrictionJoint.cpp */,
				D264C2ACDD25E897684F3F4A /* b2FrictionJoint.h */,
				959A8ED752EE138270517962 /* b2GearJoint.cpp */,
				66FACE31A6E04CD347501787 /* b2GearJoint.h */,
				8AFC9EE49ED40BAC4A939E29 /* b2Joint.cpp */,
				475041676C653EF6BAE942E6 /* b2Joint.h */,
				6C12DA142EC60F5BF1279CC1 /* b2MotorJoint.cpp */,
				C090D9C89167F60F841E6830 /* b2MotorJoint.h */,
				3FBD320860285A0147703AF6 /* b2MouseJoint.cpp */,
				68F0BEE17034D6E5E68118AD /* b2MouseJoint.h */,
				EA7E326BE942859474CAC949 /* b2PrismaticJoint.cpp */,
				9F4003F4C9A1A334C1C20B22 /* b2PrismaticJoint.h */,
				A9E4618F6B72CFC9892BA840 /* b2PulleyJoint.cpp */,
				DEB9567092083B5760FEA90E /* b2PulleyJoint.h */,
				9B2524F42A6017BD45D8CD0A /* b2RevoluteJoint.cpp */,
				02BC14605FF8CB57A6B6F3A7 /* b2RevoluteJoint.h */,
				041AADC5BB4E23E5909A6B82 /* b2RopeJoint.cpp */,
				B678094A3063DF6F41F12CCB /* b2RopeJoint.h */,
				B431E9E7F8008EED17023DF3 /* b2WeldJoint.cpp */,
				60548463096D7A16B511C649 /* b2WeldJoint.h */,
				9D490C6D6B909B0A6D418F85 /* b2WheelJoint.cpp */,
				650C2C2C160DBCE05923C5A6 /* b2WheelJoint.h */,
			);
			name = Joints;
			sourceTree = "<group>";
		};
		9DBC3F5A51BD11C17FEB021B /* ofxLiquidFun */ = {
			isa = PBXGroup;
			children = (
				BF5A80FE8AD602DDF10433AD /* src */,
				C950C8B53D17E809695A1AE9 /* libs */,
			);
			name = ofxLiquidFun;
			sourceTree = "<group>";
		};
		A1ACC71ED3C83F297430F44D /* Box2D */ = {
			isa = PBXGroup;
			children = (
				82C4AF58EA085FDFBD91FEA4 /* Box2D.h */,
				A96A0983004ABFD9CB521E9F /* Collision */,
				29B4BDA989820560487D7869 /* Common */,
				37E9EEC28E227823605F4395 /* Dynamics */,
				3E18081584981718AE343090 /* Particle */,
				65E6493716DF50BEBF4C040A /* Rope */,
			);
			name = Box2D;
			sourceTree = "<group>";
		};
		A96A0983004ABFD9CB521E9F /* Collision */ = {
			isa = PBXGroup;
			children = (
				2E4D32C5434E76331502160D /* b2BroadPhase.cpp */,
				BB644064DB39B263E7BCE7E6 /* b2BroadPhase.h */,
				B807D9F9F827853C14591618 /* b2CollideCircle.cpp */,
				2ED633D856572E305A6ACCCF /* b2CollideEdge.cpp */,
				46ACA73BEBDAB86471BA340F /* b2CollidePolygon.cpp */,
				A0AB6F894B7B47CE3D8D1782 /* b2Collision.cpp */,
				1C7AADB7DBC7C365EDAF97AE /* b2Collision.h */,
				E9AA0B86DA28A2146E5EC5CB /* b2Distance.cpp */,
				6485BE0F45062898DCEC974B /* b2Distance.h */,
				19572082584CC5A6F350437C /* b2DynamicTree.cpp */,
				56EEF938FCB07CDFA1491061 /* b2DynamicTree.h */,
				864C623936175512CEEFF951 /* b2TimeOfImpact.cpp */,
				676663CCD2647B8EF069B39C /* b2TimeOfImpact.h */,
				72F611B289F7D66925020CE6 /* Shapes */,
			);
			name = Collision;
			sourceTree = "<group>";
		};
		BB4B014C10F69532006C3DED /* addons */ = {
			isa = PBXGroup;
			children = (
				9DBC3F5A51BD11C17FEB021B /* ofxLiquidFun */,
			);
			name = addons;
			sourceTree = "<group>";
		};
		BBAB23C913894ECA00AA2426 /* system frameworks */ = {
			isa = PBXGroup;
			children = (
				E7F985F515E0DE99003869B5 /* Accelerate.framework */,
				E4C2424410CC5A17004149E2 /* AppKit.framework */,
				E4C2424510CC5A17004149E2 /* Cocoa.framework */,
				E4C2424610CC5A17004149E2 /* IOKit.framework */,
				E45BE9710E8CC7DD009D7055 /* AGL.framework */,
				E45BE9720E8CC7DD009D7055 /* ApplicationServices.framework */,
				E45BE9730E8CC7DD009D7055 /* AudioToolbox.framework */,
				E45BE9750E8CC7DD009D7055 /* CoreAudio.framework */,
				E45BE9760E8CC7DD009D7055 /* CoreFoundation.framework */,
				E45BE9770E8CC7DD009D7055 /* CoreServices.framework */,
				E45BE9790E8CC7DD009D7055 /* OpenGL.framework */,
				E45BE97A0E8CC7DD009D7055 /* QuickTime.framework */,
				E7E077E415D3B63C0020DFD4 /* CoreVideo.framework */,
				E7E077E715D3B6510020DFD4 /* QTKit.framework */,
			);
			name = "system frameworks";
			sourceTree = "<group>";
		};
		BBAB23CA13894EDB00AA2426 /* 3rd party frameworks */ = {
			isa = PBXGroup;
			children = (
				BBAB23BE13894E4700AA2426 /* GLUT.framework */,
			);
			name = "3rd party frameworks";
			sourceTree = "<group>";
		};
		BF5A80FE8AD602DDF10433AD /* src */ = {
			isa = PBXGroup;
			children = (
				1893718F19A859CB00F8E1F4 /* ofxLiquidFun.h */,
				43BFEF0DECE8CE4E90624E1D /* ofxBox2dParticleSystem.cpp */,
				F00DF1D4341C18D9567688DF /* ofxBox2dParticleSystem.h */,
				1A87B105AE081FF640774141 /* ofxBox2d.cpp */,
				4CAE1D61C53FB3F11FBD94A5 /* ofxBox2d.h */,
				1B13FF6ADCC7F1B311AC63F4 /* ofxBox2dBaseShape.cpp */,
				8F7D91E6C1D0A50F2EEEF8D6 /* ofxBox2dBaseShape.h */,
				692509A8008DDBCD3B3B0082 /* ofxBox2dCircle.cpp */,
				C917BCE6EC7CF9A4F0BB7E29 /* ofxBox2dCircle.h */,
				D0EEEF732FED40A83843C5A6 /* ofxBox2dContactListener.h */,
				88FD29E7442D6730613A3832 /* ofxBox2dEdge.cpp */,
				BF85CBDEA83E69E3C0C7B0F8 /* ofxBox2dEdge.h */,
				754B2905967F6DA1C95A0534 /* ofxBox2dJoint.cpp */,
				B275580A0DEBB453047AC5E7 /* ofxBox2dJoint.h */,
				4D6E92CBBE97C46FB3832A5C /* ofxBox2dPolygon.cpp */,
				8A9C4049B5CE4A1F6C8AF18C /* ofxBox2dPolygon.h */,
				5E46F7EC33962A73E32EF63E /* ofxBox2dPolygonUtils.h */,
				47FE72C955F7382ACC0DCD42 /* ofxBox2dRect.cpp */,
				EFE46FCE2DE2E6613B8C0989 /* ofxBox2dRect.h */,
				690B072805F02B3AF17ECDB8 /* ofxBox2dRender.h */,
				79CC5E74F79F1FB86A9C0642 /* ofxBox2dUtils.h */,
			);
			name = src;
			sourceTree = "<group>";
		};
		C950C8B53D17E809695A1AE9 /* libs */ = {
			isa = PBXGroup;
			children = (
				A1ACC71ED3C83F297430F44D /* Box2D */,
				5AA1273E7A14B67138359AB8 /* triangle */,
			);
			name = libs;
			sourceTree = "<group>";
		};
		E4328144138ABC890047C5CB /* Products */ = {
			isa = PBXGroup;
			children = (
				E4328148138ABC890047C5CB /* openFrameworksDebug.a */,
			);
			name = Products;
			sourceTree = "<group>";
		};
		E45BE5980E8CC70C009D7055 /* frameworks */ = {
			isa = PBXGroup;
			children = (
				BBAB23CA13894EDB00AA2426 /* 3rd party frameworks */,
				BBAB23C913894ECA00AA2426 /* system frameworks */,
			);
			name = frameworks;
			sourceTree = "<group>";
		};
		E4B69B4A0A3A1720003C02F2 = {
			isa = PBXGroup;
			children = (
				E4B6FCAD0C3E899E008CF71C /* openFrameworks-Info.plist */,
				E4EB6923138AFD0F00A09F29 /* Project.xcconfig */,
				E4B69E1C0A3A1BDC003C02F2 /* src */,
				E4EEC9E9138DF44700A80321 /* openFrameworks */,
				BB4B014C10F69532006C3DED /* addons */,
				E45BE5980E8CC70C009D7055 /* frameworks */,
				E4B69B5B0A3A1756003C02F2 /* exampleDebug.app */,
			);
			sourceTree = "<group>";
		};
		E4B69E1C0A3A1BDC003C02F2 /* src */ = {
			isa = PBXGroup;
			children = (
				E4B69E1D0A3A1BDC003C02F2 /* main.cpp */,
				E4B69E1E0A3A1BDC003C02F2 /* ofApp.cpp */,
				E4B69E1F0A3A1BDC003C02F2 /* ofApp.h */,
			);
			path = src;
			sourceTree = SOURCE_ROOT;
		};
		E4EEC9E9138DF44700A80321 /* openFrameworks */ = {
			isa = PBXGroup;
			children = (
				E4EB691F138AFCF100A09F29 /* CoreOF.xcconfig */,
				E4328143138ABC890047C5CB /* openFrameworksLib.xcodeproj */,
			);
			name = openFrameworks;
			sourceTree = "<group>";
		};
		EF804667D569B522ED082100 /* Contacts */ = {
			isa = PBXGroup;
			children = (
				DF0C7B74CA21E3F3C01B16A2 /* b2ChainAndCircleContact.cpp */,
				FA3C975BF61DA2D55716B377 /* b2ChainAndCircleContact.h */,
				0460492C2F65301A5FD76486 /* b2ChainAndPolygonContact.cpp */,
				FC26DF6A7654DDA484A53922 /* b2ChainAndPolygonContact.h */,
				619F900B8B36F185A8F81C8C /* b2CircleContact.cpp */,
				CD5FE0ECCE12770E2C979C41 /* b2CircleContact.h */,
				DF987F4E8870A80987CF5B73 /* b2Contact.cpp */,
				40389FEBF165732F45463608 /* b2Contact.h */,
				EF9F283363F88D032F8B7AF6 /* b2ContactSolver.cpp */,
				D71CD998D9329FC3AD3AFA3E /* b2ContactSolver.h */,
				711A1B0C42A1F0CA79CB9EF3 /* b2EdgeAndCircleContact.cpp */,
				4EE485DD429295B380418787 /* b2EdgeAndCircleContact.h */,
				4E5D352474E2100193463C35 /* b2EdgeAndPolygonContact.cpp */,
				49360565D72BA519D4AE87BA /* b2EdgeAndPolygonContact.h */,
				F531CAC5B6483B4596C50946 /* b2PolygonAndCircleContact.cpp */,
				C832876EEA392AEFE722F5C6 /* b2PolygonAndCircleContact.h */,
				199901E3C0391D3CA940B595 /* b2PolygonContact.cpp */,
				826C16D3DF61FADC7357427C /* b2PolygonContact.h */,
			);
			name = Contacts;
			sourceTree = "<group>";
		};
/* End PBXGroup section */

/* Begin PBXNativeTarget section */
		E4B69B5A0A3A1756003C02F2 /* example */ = {
			isa = PBXNativeTarget;
			buildConfigurationList = E4B69B5F0A3A1757003C02F2 /* Build configuration list for PBXNativeTarget "example" */;
			buildPhases = (
				E4B69B580A3A1756003C02F2 /* Sources */,
				E4B69B590A3A1756003C02F2 /* Frameworks */,
				E4B6FFFD0C3F9AB9008CF71C /* ShellScript */,
				E4C2427710CC5ABF004149E2 /* CopyFiles */,
			);
			buildRules = (
			);
			dependencies = (
				E4EEB9AC138B136A00A80321 /* PBXTargetDependency */,
			);
			name = example;
			productName = myOFApp;
			productReference = E4B69B5B0A3A1756003C02F2 /* exampleDebug.app */;
			productType = "com.apple.product-type.application";
		};
/* End PBXNativeTarget section */

/* Begin PBXProject section */
		E4B69B4C0A3A1720003C02F2 /* Project object */ = {
			isa = PBXProject;
			attributes = {
				LastUpgradeCheck = 0460;
			};
			buildConfigurationList = E4B69B4D0A3A1720003C02F2 /* Build configuration list for PBXProject "example" */;
			compatibilityVersion = "Xcode 3.2";
			developmentRegion = English;
			hasScannedForEncodings = 0;
			knownRegions = (
				English,
				Japanese,
				French,
				German,
			);
			mainGroup = E4B69B4A0A3A1720003C02F2;
			productRefGroup = E4B69B4A0A3A1720003C02F2;
			projectDirPath = "";
			projectReferences = (
				{
					ProductGroup = E4328144138ABC890047C5CB /* Products */;
					ProjectRef = E4328143138ABC890047C5CB /* openFrameworksLib.xcodeproj */;
				},
			);
			projectRoot = "";
			targets = (
				E4B69B5A0A3A1756003C02F2 /* example */,
			);
		};
/* End PBXProject section */

/* Begin PBXReferenceProxy section */
		E4328148138ABC890047C5CB /* openFrameworksDebug.a */ = {
			isa = PBXReferenceProxy;
			fileType = archive.ar;
			path = openFrameworksDebug.a;
			remoteRef = E4328147138ABC890047C5CB /* PBXContainerItemProxy */;
			sourceTree = BUILT_PRODUCTS_DIR;
		};
/* End PBXReferenceProxy section */

/* Begin PBXShellScriptBuildPhase section */
		E4B6FFFD0C3F9AB9008CF71C /* ShellScript */ = {
			isa = PBXShellScriptBuildPhase;
			buildActionMask = 2147483647;
			files = (
			);
			inputPaths = (
			);
			outputPaths = (
			);
			runOnlyForDeploymentPostprocessing = 0;
			shellPath = /bin/sh;
			shellScript = "cp -f ../../../libs/fmodex/lib/osx/libfmodex.dylib \"$TARGET_BUILD_DIR/$PRODUCT_NAME.app/Contents/MacOS/libfmodex.dylib\"; install_name_tool -change ./libfmodex.dylib @executable_path/libfmodex.dylib \"$TARGET_BUILD_DIR/$PRODUCT_NAME.app/Contents/MacOS/$PRODUCT_NAME\";\nmkdir -p \"$TARGET_BUILD_DIR/$PRODUCT_NAME.app/Contents/Resources/\"\ncp -f \"$ICON_FILE\" \"$TARGET_BUILD_DIR/$PRODUCT_NAME.app/Contents/Resources/\"\n";
		};
/* End PBXShellScriptBuildPhase section */

/* Begin PBXSourcesBuildPhase section */
		E4B69B580A3A1756003C02F2 /* Sources */ = {
			isa = PBXSourcesBuildPhase;
			buildActionMask = 2147483647;
			files = (
				E4B69E200A3A1BDC003C02F2 /* main.cpp in Sources */,
				E4B69E210A3A1BDC003C02F2 /* ofApp.cpp in Sources */,
				A1EF6471CC8B13F0C3210220 /* ofxBox2d.cpp in Sources */,
				D454A93592CDD8538BD16BD2 /* ofxBox2dBaseShape.cpp in Sources */,
				87D2F402BEEF5E3CADC9DEB0 /* ofxBox2dCircle.cpp in Sources */,
				C456A2128B1FD676B183B037 /* ofxBox2dEdge.cpp in Sources */,
				E68D55BE4AE4CA5B729522EA /* ofxBox2dJoint.cpp in Sources */,
				81E8321493F1FC980D766F87 /* ofxBox2dParticleSystem.cpp in Sources */,
				2524F40639A33E4A34DF0F1C /* ofxBox2dPolygon.cpp in Sources */,
				A33E832937B9A5A6FDF4BE47 /* ofxBox2dRect.cpp in Sources */,
				56949DDBF017687AEE523F16 /* b2BroadPhase.cpp in Sources */,
				A483B57249A34514377C5AE8 /* b2CollideCircle.cpp in Sources */,
				CF3A676E14EE72552C5CF31A /* b2CollideEdge.cpp in Sources */,
				4728C070EE48C34814B7ADDD /* b2CollidePolygon.cpp in Sources */,
				4334242E763D1D8FF8FB1E43 /* b2Collision.cpp in Sources */,
				0B0D35C87FCA564C57A5B6BF /* b2Distance.cpp in Sources */,
				2229D0E5DBB8B82D783BEE52 /* b2DynamicTree.cpp in Sources */,
				2213DF405455BC9DEAC553B7 /* b2TimeOfImpact.cpp in Sources */,
				BF2CFA915EDBB99B0F92489A /* b2ChainShape.cpp in Sources */,
				33A78D999F978D797780B907 /* b2CircleShape.cpp in Sources */,
				7FD354D8FD42A3E0BE7B6A86 /* b2EdgeShape.cpp in Sources */,
				F0A2BB1960C6187B7EA12EA5 /* b2PolygonShape.cpp in Sources */,
				D178E2BCBC7F027A53B6C9DF /* b2BlockAllocator.cpp in Sources */,
				35D2652CBB47ABA129250F91 /* b2Draw.cpp in Sources */,
				ACFD9F73073C6D26A4300E4C /* b2FreeList.cpp in Sources */,
				D7014DA1DC8ABBB6FB6C76EE /* b2Math.cpp in Sources */,
				846526908DD0BAEA0684CD1A /* b2Settings.cpp in Sources */,
				999D76E6FFB13255152CB8D0 /* b2StackAllocator.cpp in Sources */,
				C5A13ECE4E672F9F9ADED941 /* b2Stat.cpp in Sources */,
				BECF964DBFA7ED2BC5CC2E18 /* b2Timer.cpp in Sources */,
				5C4E6310A2099ADABC29A23A /* b2TrackedBlock.cpp in Sources */,
				D05287C5415F1FF3D192436E /* b2Body.cpp in Sources */,
				A6006EAA2C95A6A9BEB9CDC4 /* b2ContactManager.cpp in Sources */,
				6C849FD52946FEAFF7BD6AC0 /* b2Fixture.cpp in Sources */,
				C3D11D4FFE1DE2FCC7662FDB /* b2Island.cpp in Sources */,
				5A13697438B702582D30D374 /* b2World.cpp in Sources */,
				BF30D7A362CEBF9286D087FD /* b2WorldCallbacks.cpp in Sources */,
				B427DFF6B9AB0E77D6DA6FEF /* b2ChainAndCircleContact.cpp in Sources */,
				3427B76B23CCCED5264323F9 /* b2ChainAndPolygonContact.cpp in Sources */,
				B5F050DAFDC878A0E173FDD8 /* b2CircleContact.cpp in Sources */,
				A18332F9CD3C4E774B368D9A /* b2Contact.cpp in Sources */,
				8D5D332C944074A51DB04779 /* b2ContactSolver.cpp in Sources */,
				67AF5DC542760B9C51D9AA2E /* b2EdgeAndCircleContact.cpp in Sources */,
				DF69DB222467E01AF295EA2F /* b2EdgeAndPolygonContact.cpp in Sources */,
				18D50A5E9090B08B5C379765 /* b2PolygonAndCircleContact.cpp in Sources */,
				5263F54AA49B9AFFC6739D8D /* b2PolygonContact.cpp in Sources */,
				4224F3B63BEABB1329D1C0B6 /* b2DistanceJoint.cpp in Sources */,
				E4B11E431E7B4432B794E723 /* b2FrictionJoint.cpp in Sources */,
				EA577AB835EB0637399363FA /* b2GearJoint.cpp in Sources */,
				A01D694CFFCC370B66002D3A /* b2Joint.cpp in Sources */,
				092641E12809CEAFF21F73EE /* b2MotorJoint.cpp in Sources */,
				E87F18826B4009FF538F87AA /* b2MouseJoint.cpp in Sources */,
				6AA3415BCECADF4BFF04564A /* b2PrismaticJoint.cpp in Sources */,
				653A94BFAA548B304E307FE0 /* b2PulleyJoint.cpp in Sources */,
				24B4773C29370599C7EF3713 /* b2RevoluteJoint.cpp in Sources */,
				440B97C9DB0452B922B893CB /* b2RopeJoint.cpp in Sources */,
				7101B8EBCB8F8C03A1F56597 /* b2WeldJoint.cpp in Sources */,
				426B49D327BFC692A16EB859 /* b2WheelJoint.cpp in Sources */,
				9F23FA2C2157EC95DFC4AD75 /* b2Particle.cpp in Sources */,
				1529EA60921FDF7B07077187 /* b2ParticleAssembly.cpp in Sources */,
				4C06E4C9B9CBCC35BC0E1E46 /* b2ParticleGroup.cpp in Sources */,
				F8F175BE4626C6F67BB1A2CD /* b2ParticleSystem.cpp in Sources */,
				22998D9E34B49C5C4BD5AC71 /* b2VoronoiDiagram.cpp in Sources */,
				109B799A08029E0E78AA8FB0 /* b2Rope.cpp in Sources */,
				9BFDBA462B809FAF024A1BD5 /* del_impl.cpp in Sources */,
			);
			runOnlyForDeploymentPostprocessing = 0;
		};
/* End PBXSourcesBuildPhase section */

/* Begin PBXTargetDependency section */
		E4EEB9AC138B136A00A80321 /* PBXTargetDependency */ = {
			isa = PBXTargetDependency;
			name = openFrameworks;
			targetProxy = E4EEB9AB138B136A00A80321 /* PBXContainerItemProxy */;
		};
/* End PBXTargetDependency section */

/* Begin XCBuildConfiguration section */
		E4B69B4E0A3A1720003C02F2 /* Debug */ = {
			isa = XCBuildConfiguration;
			baseConfigurationReference = E4EB6923138AFD0F00A09F29 /* Project.xcconfig */;
			buildSettings = {
				ARCHS = "$(NATIVE_ARCH)";
				CONFIGURATION_BUILD_DIR = "$(SRCROOT)/bin/";
				COPY_PHASE_STRIP = NO;
				DEAD_CODE_STRIPPING = YES;
				GCC_AUTO_VECTORIZATION = YES;
				GCC_ENABLE_SSE3_EXTENSIONS = YES;
				GCC_ENABLE_SUPPLEMENTAL_SSE3_INSTRUCTIONS = YES;
				GCC_INLINES_ARE_PRIVATE_EXTERN = NO;
				GCC_OPTIMIZATION_LEVEL = 0;
				GCC_SYMBOLS_PRIVATE_EXTERN = NO;
				GCC_WARN_ABOUT_DEPRECATED_FUNCTIONS = YES;
				GCC_WARN_ABOUT_INVALID_OFFSETOF_MACRO = NO;
				GCC_WARN_ALLOW_INCOMPLETE_PROTOCOL = NO;
				GCC_WARN_UNINITIALIZED_AUTOS = NO;
				GCC_WARN_UNUSED_VALUE = NO;
				GCC_WARN_UNUSED_VARIABLE = NO;
				HEADER_SEARCH_PATHS = (
					"$(OF_CORE_HEADERS)",
					../../../addons/ofxLiquidFun/libs,
					../../../addons/ofxLiquidFun/libs/Box2D,
					../../../addons/ofxLiquidFun/libs/Box2D/Collision,
					../../../addons/ofxLiquidFun/libs/Box2D/Collision/Shapes,
					../../../addons/ofxLiquidFun/libs/Box2D/Common,
					../../../addons/ofxLiquidFun/libs/Box2D/Dynamics,
					../../../addons/ofxLiquidFun/libs/Box2D/Dynamics/Contacts,
					../../../addons/ofxLiquidFun/libs/Box2D/Dynamics/Joints,
					../../../addons/ofxLiquidFun/libs/Box2D/Particle,
					../../../addons/ofxLiquidFun/libs/Box2D/Rope,
					../../../addons/ofxLiquidFun/libs/triangle,
					../../../addons/ofxLiquidFun/src,
				);
				MACOSX_DEPLOYMENT_TARGET = 10.6;
				OTHER_CPLUSPLUSFLAGS = (
					"-D__MACOSX_CORE__",
					"-lpthread",
					"-mtune=native",
				);
				SDKROOT = macosx;
			};
			name = Debug;
		};
		E4B69B4F0A3A1720003C02F2 /* Release */ = {
			isa = XCBuildConfiguration;
			baseConfigurationReference = E4EB6923138AFD0F00A09F29 /* Project.xcconfig */;
			buildSettings = {
				ARCHS = "$(NATIVE_ARCH)";
				CONFIGURATION_BUILD_DIR = "$(SRCROOT)/bin/";
				COPY_PHASE_STRIP = YES;
				DEAD_CODE_STRIPPING = YES;
				GCC_AUTO_VECTORIZATION = YES;
				GCC_ENABLE_SSE3_EXTENSIONS = YES;
				GCC_ENABLE_SUPPLEMENTAL_SSE3_INSTRUCTIONS = YES;
				GCC_INLINES_ARE_PRIVATE_EXTERN = NO;
				GCC_OPTIMIZATION_LEVEL = 3;
				GCC_SYMBOLS_PRIVATE_EXTERN = NO;
				GCC_UNROLL_LOOPS = YES;
				GCC_WARN_ABOUT_DEPRECATED_FUNCTIONS = YES;
				GCC_WARN_ABOUT_INVALID_OFFSETOF_MACRO = NO;
				GCC_WARN_ALLOW_INCOMPLETE_PROTOCOL = NO;
				GCC_WARN_UNINITIALIZED_AUTOS = NO;
				GCC_WARN_UNUSED_VALUE = NO;
				GCC_WARN_UNUSED_VARIABLE = NO;
				HEADER_SEARCH_PATHS = (
					"$(OF_CORE_HEADERS)",
					../../../addons/ofxLiquidFun/libs,
					../../../addons/ofxLiquidFun/libs/Box2D,
					../../../addons/ofxLiquidFun/libs/Box2D/Collision,
					../../../addons/ofxLiquidFun/libs/Box2D/Collision/Shapes,
					../../../addons/ofxLiquidFun/libs/Box2D/Common,
					../../../addons/ofxLiquidFun/libs/Box2D/Dynamics,
					../../../addons/ofxLiquidFun/libs/Box2D/Dynamics/Contacts,
					../../../addons/ofxLiquidFun/libs/Box2D/Dynamics/Joints,
					../../../addons/ofxLiquidFun/libs/Box2D/Particle,
					../../../addons/ofxLiquidFun/libs/Box2D/Rope,
					../../../addons/ofxLiquidFun/libs/triangle,
					../../../addons/ofxLiquidFun/src,
				);
				MACOSX_DEPLOYMENT_TARGET = 10.6;
				OTHER_CPLUSPLUSFLAGS = (
					"-D__MACOSX_CORE__",
					"-lpthread",
					"-mtune=native",
				);
				SDKROOT = macosx;
			};
			name = Release;
		};
		E4B69B600A3A1757003C02F2 /* Debug */ = {
			isa = XCBuildConfiguration;
			buildSettings = {
				COMBINE_HIDPI_IMAGES = YES;
				COPY_PHASE_STRIP = NO;
				FRAMEWORK_SEARCH_PATHS = (
					"$(inherited)",
					"$(FRAMEWORK_SEARCH_PATHS_QUOTED_FOR_TARGET_1)",
				);
				FRAMEWORK_SEARCH_PATHS_QUOTED_FOR_TARGET_1 = "\"$(SRCROOT)/../../../libs/glut/lib/osx\"";
				GCC_DYNAMIC_NO_PIC = NO;
				GCC_GENERATE_DEBUGGING_SYMBOLS = YES;
				GCC_MODEL_TUNING = NONE;
				ICON = "$(ICON_NAME_DEBUG)";
				ICON_FILE = "$(ICON_FILE_PATH)$(ICON)";
				INFOPLIST_FILE = "openFrameworks-Info.plist";
				INSTALL_PATH = "$(HOME)/Applications";
				LIBRARY_SEARCH_PATHS = (
					"$(inherited)",
					"$(LIBRARY_SEARCH_PATHS_QUOTED_FOR_TARGET_1)",
					"$(LIBRARY_SEARCH_PATHS_QUOTED_FOR_TARGET_2)",
					"$(LIBRARY_SEARCH_PATHS_QUOTED_FOR_TARGET_3)",
					"$(LIBRARY_SEARCH_PATHS_QUOTED_FOR_TARGET_4)",
					"$(LIBRARY_SEARCH_PATHS_QUOTED_FOR_TARGET_5)",
					"$(LIBRARY_SEARCH_PATHS_QUOTED_FOR_TARGET_6)",
					"$(LIBRARY_SEARCH_PATHS_QUOTED_FOR_TARGET_7)",
					"$(LIBRARY_SEARCH_PATHS_QUOTED_FOR_TARGET_8)",
					"$(LIBRARY_SEARCH_PATHS_QUOTED_FOR_TARGET_9)",
					"$(LIBRARY_SEARCH_PATHS_QUOTED_FOR_TARGET_10)",
					"$(LIBRARY_SEARCH_PATHS_QUOTED_FOR_TARGET_11)",
					"$(LIBRARY_SEARCH_PATHS_QUOTED_FOR_TARGET_12)",
					"$(LIBRARY_SEARCH_PATHS_QUOTED_FOR_TARGET_13)",
					"$(LIBRARY_SEARCH_PATHS_QUOTED_FOR_TARGET_14)",
					"$(LIBRARY_SEARCH_PATHS_QUOTED_FOR_TARGET_15)",
					"$(LIBRARY_SEARCH_PATHS_QUOTED_FOR_TARGET_2)",
					"$(LIBRARY_SEARCH_PATHS_QUOTED_FOR_TARGET_3)",
					"$(LIBRARY_SEARCH_PATHS_QUOTED_FOR_TARGET_7)",
					"$(LIBRARY_SEARCH_PATHS_QUOTED_FOR_TARGET_8)",
					"$(LIBRARY_SEARCH_PATHS_QUOTED_FOR_TARGET_9)",
					"$(LIBRARY_SEARCH_PATHS_QUOTED_FOR_TARGET_10)",
					"$(LIBRARY_SEARCH_PATHS_QUOTED_FOR_TARGET_11)",
					"$(LIBRARY_SEARCH_PATHS_QUOTED_FOR_TARGET_12)",
					"$(LIBRARY_SEARCH_PATHS_QUOTED_FOR_TARGET_13)",
					"$(LIBRARY_SEARCH_PATHS_QUOTED_FOR_TARGET_16)",
					"$(LIBRARY_SEARCH_PATHS_QUOTED_FOR_TARGET_17)",
					"$(LIBRARY_SEARCH_PATHS_QUOTED_FOR_TARGET_18)",
					"$(LIBRARY_SEARCH_PATHS_QUOTED_FOR_TARGET_19)",
					"$(LIBRARY_SEARCH_PATHS_QUOTED_FOR_TARGET_20)",
					"$(LIBRARY_SEARCH_PATHS_QUOTED_FOR_TARGET_21)",
					"$(LIBRARY_SEARCH_PATHS_QUOTED_FOR_TARGET_22)",
					"$(LIBRARY_SEARCH_PATHS_QUOTED_FOR_TARGET_23)",
					"$(LIBRARY_SEARCH_PATHS_QUOTED_FOR_TARGET_24)",
					"$(LIBRARY_SEARCH_PATHS_QUOTED_FOR_TARGET_25)",
					"$(LIBRARY_SEARCH_PATHS_QUOTED_FOR_TARGET_26)",
					"$(LIBRARY_SEARCH_PATHS_QUOTED_FOR_TARGET_27)",
					"$(LIBRARY_SEARCH_PATHS_QUOTED_FOR_TARGET_28)",
					"$(LIBRARY_SEARCH_PATHS_QUOTED_FOR_TARGET_29)",
					"$(LIBRARY_SEARCH_PATHS_QUOTED_FOR_TARGET_30)",
					"$(LIBRARY_SEARCH_PATHS_QUOTED_FOR_TARGET_31)",
					"$(LIBRARY_SEARCH_PATHS_QUOTED_FOR_TARGET_32)",
					"$(LIBRARY_SEARCH_PATHS_QUOTED_FOR_TARGET_33)",
					"$(LIBRARY_SEARCH_PATHS_QUOTED_FOR_TARGET_34)",
					"$(LIBRARY_SEARCH_PATHS_QUOTED_FOR_TARGET_35)",
					"$(LIBRARY_SEARCH_PATHS_QUOTED_FOR_TARGET_36)",
					"$(LIBRARY_SEARCH_PATHS_QUOTED_FOR_TARGET_37)",
					"$(LIBRARY_SEARCH_PATHS_QUOTED_FOR_TARGET_38)",
					"$(LIBRARY_SEARCH_PATHS_QUOTED_FOR_TARGET_39)",
					"$(LIBRARY_SEARCH_PATHS_QUOTED_FOR_TARGET_40)",
					"$(LIBRARY_SEARCH_PATHS_QUOTED_FOR_TARGET_41)",
					"$(LIBRARY_SEARCH_PATHS_QUOTED_FOR_TARGET_42)",
					"$(LIBRARY_SEARCH_PATHS_QUOTED_FOR_TARGET_43)",
					"$(LIBRARY_SEARCH_PATHS_QUOTED_FOR_TARGET_44)",
					"$(LIBRARY_SEARCH_PATHS_QUOTED_FOR_TARGET_45)",
					"$(LIBRARY_SEARCH_PATHS_QUOTED_FOR_TARGET_46)",
					"$(LIBRARY_SEARCH_PATHS_QUOTED_FOR_TARGET_47)",
					"$(LIBRARY_SEARCH_PATHS_QUOTED_FOR_TARGET_48)",
					"$(LIBRARY_SEARCH_PATHS_QUOTED_FOR_TARGET_49)",
					"$(LIBRARY_SEARCH_PATHS_QUOTED_FOR_TARGET_50)",
					"$(LIBRARY_SEARCH_PATHS_QUOTED_FOR_TARGET_51)",
					"$(LIBRARY_SEARCH_PATHS_QUOTED_FOR_TARGET_52)",
				);
				PRODUCT_NAME = "$(TARGET_NAME)Debug";
				WRAPPER_EXTENSION = app;
			};
			name = Debug;
		};
		E4B69B610A3A1757003C02F2 /* Release */ = {
			isa = XCBuildConfiguration;
			buildSettings = {
				COMBINE_HIDPI_IMAGES = YES;
				COPY_PHASE_STRIP = YES;
				FRAMEWORK_SEARCH_PATHS = (
					"$(inherited)",
					"$(FRAMEWORK_SEARCH_PATHS_QUOTED_FOR_TARGET_1)",
				);
				FRAMEWORK_SEARCH_PATHS_QUOTED_FOR_TARGET_1 = "\"$(SRCROOT)/../../../libs/glut/lib/osx\"";
				GCC_GENERATE_DEBUGGING_SYMBOLS = YES;
				GCC_MODEL_TUNING = NONE;
				ICON = "$(ICON_NAME_RELEASE)";
				ICON_FILE = "$(ICON_FILE_PATH)$(ICON)";
				INFOPLIST_FILE = "openFrameworks-Info.plist";
				INSTALL_PATH = "$(HOME)/Applications";
				LIBRARY_SEARCH_PATHS = (
					"$(inherited)",
					"$(LIBRARY_SEARCH_PATHS_QUOTED_FOR_TARGET_1)",
					"$(LIBRARY_SEARCH_PATHS_QUOTED_FOR_TARGET_2)",
					"$(LIBRARY_SEARCH_PATHS_QUOTED_FOR_TARGET_3)",
					"$(LIBRARY_SEARCH_PATHS_QUOTED_FOR_TARGET_4)",
					"$(LIBRARY_SEARCH_PATHS_QUOTED_FOR_TARGET_5)",
					"$(LIBRARY_SEARCH_PATHS_QUOTED_FOR_TARGET_6)",
					"$(LIBRARY_SEARCH_PATHS_QUOTED_FOR_TARGET_7)",
					"$(LIBRARY_SEARCH_PATHS_QUOTED_FOR_TARGET_8)",
					"$(LIBRARY_SEARCH_PATHS_QUOTED_FOR_TARGET_9)",
					"$(LIBRARY_SEARCH_PATHS_QUOTED_FOR_TARGET_10)",
					"$(LIBRARY_SEARCH_PATHS_QUOTED_FOR_TARGET_11)",
					"$(LIBRARY_SEARCH_PATHS_QUOTED_FOR_TARGET_12)",
					"$(LIBRARY_SEARCH_PATHS_QUOTED_FOR_TARGET_13)",
					"$(LIBRARY_SEARCH_PATHS_QUOTED_FOR_TARGET_14)",
					"$(LIBRARY_SEARCH_PATHS_QUOTED_FOR_TARGET_15)",
					"$(LIBRARY_SEARCH_PATHS_QUOTED_FOR_TARGET_2)",
					"$(LIBRARY_SEARCH_PATHS_QUOTED_1)",
					"$(LIBRARY_SEARCH_PATHS_QUOTED_FOR_TARGET_3)",
					"$(LIBRARY_SEARCH_PATHS_QUOTED_FOR_TARGET_7)",
					"$(LIBRARY_SEARCH_PATHS_QUOTED_FOR_TARGET_8)",
					"$(LIBRARY_SEARCH_PATHS_QUOTED_FOR_TARGET_9)",
					"$(LIBRARY_SEARCH_PATHS_QUOTED_FOR_TARGET_10)",
					"$(LIBRARY_SEARCH_PATHS_QUOTED_FOR_TARGET_11)",
					"$(LIBRARY_SEARCH_PATHS_QUOTED_FOR_TARGET_12)",
					"$(LIBRARY_SEARCH_PATHS_QUOTED_FOR_TARGET_13)",
					"$(LIBRARY_SEARCH_PATHS_QUOTED_FOR_TARGET_16)",
					"$(LIBRARY_SEARCH_PATHS_QUOTED_FOR_TARGET_17)",
					"$(LIBRARY_SEARCH_PATHS_QUOTED_FOR_TARGET_18)",
					"$(LIBRARY_SEARCH_PATHS_QUOTED_FOR_TARGET_19)",
					"$(LIBRARY_SEARCH_PATHS_QUOTED_FOR_TARGET_20)",
					"$(LIBRARY_SEARCH_PATHS_QUOTED_FOR_TARGET_21)",
					"$(LIBRARY_SEARCH_PATHS_QUOTED_FOR_TARGET_22)",
					"$(LIBRARY_SEARCH_PATHS_QUOTED_FOR_TARGET_23)",
					"$(LIBRARY_SEARCH_PATHS_QUOTED_FOR_TARGET_24)",
					"$(LIBRARY_SEARCH_PATHS_QUOTED_FOR_TARGET_25)",
					"$(LIBRARY_SEARCH_PATHS_QUOTED_FOR_TARGET_26)",
					"$(LIBRARY_SEARCH_PATHS_QUOTED_FOR_TARGET_27)",
					"$(LIBRARY_SEARCH_PATHS_QUOTED_FOR_TARGET_28)",
					"$(LIBRARY_SEARCH_PATHS_QUOTED_FOR_TARGET_29)",
					"$(LIBRARY_SEARCH_PATHS_QUOTED_FOR_TARGET_30)",
					"$(LIBRARY_SEARCH_PATHS_QUOTED_FOR_TARGET_31)",
					"$(LIBRARY_SEARCH_PATHS_QUOTED_FOR_TARGET_32)",
					"$(LIBRARY_SEARCH_PATHS_QUOTED_FOR_TARGET_33)",
					"$(LIBRARY_SEARCH_PATHS_QUOTED_FOR_TARGET_34)",
					"$(LIBRARY_SEARCH_PATHS_QUOTED_FOR_TARGET_35)",
					"$(LIBRARY_SEARCH_PATHS_QUOTED_FOR_TARGET_36)",
					"$(LIBRARY_SEARCH_PATHS_QUOTED_FOR_TARGET_37)",
					"$(LIBRARY_SEARCH_PATHS_QUOTED_FOR_TARGET_38)",
					"$(LIBRARY_SEARCH_PATHS_QUOTED_FOR_TARGET_39)",
					"$(LIBRARY_SEARCH_PATHS_QUOTED_FOR_TARGET_40)",
					"$(LIBRARY_SEARCH_PATHS_QUOTED_FOR_TARGET_41)",
					"$(LIBRARY_SEARCH_PATHS_QUOTED_FOR_TARGET_42)",
					"$(LIBRARY_SEARCH_PATHS_QUOTED_FOR_TARGET_43)",
					"$(LIBRARY_SEARCH_PATHS_QUOTED_FOR_TARGET_44)",
					"$(LIBRARY_SEARCH_PATHS_QUOTED_FOR_TARGET_45)",
					"$(LIBRARY_SEARCH_PATHS_QUOTED_FOR_TARGET_46)",
					"$(LIBRARY_SEARCH_PATHS_QUOTED_FOR_TARGET_47)",
					"$(LIBRARY_SEARCH_PATHS_QUOTED_FOR_TARGET_48)",
					"$(LIBRARY_SEARCH_PATHS_QUOTED_FOR_TARGET_49)",
					"$(LIBRARY_SEARCH_PATHS_QUOTED_FOR_TARGET_50)",
					"$(LIBRARY_SEARCH_PATHS_QUOTED_FOR_TARGET_51)",
				);
				PRODUCT_NAME = "$(TARGET_NAME)";
				WRAPPER_EXTENSION = app;
			};
			name = Release;
		};
/* End XCBuildConfiguration section */

/* Begin XCConfigurationList section */
		E4B69B4D0A3A1720003C02F2 /* Build configuration list for PBXProject "example" */ = {
			isa = XCConfigurationList;
			buildConfigurations = (
				E4B69B4E0A3A1720003C02F2 /* Debug */,
				E4B69B4F0A3A1720003C02F2 /* Release */,
			);
			defaultConfigurationIsVisible = 0;
			defaultConfigurationName = Release;
		};
		E4B69B5F0A3A1757003C02F2 /* Build configuration list for PBXNativeTarget "example" */ = {
			isa = XCConfigurationList;
			buildConfigurations = (
				E4B69B600A3A1757003C02F2 /* Debug */,
				E4B69B610A3A1757003C02F2 /* Release */,
			);
			defaultConfigurationIsVisible = 0;
			defaultConfigurationName = Release;
		};
/* End XCConfigurationList section */
	};
	rootObject = E4B69B4C0A3A1720003C02F2 /* Project object */;
}
